// !$*UTF8*$!
{
	archiveVersion = 1;
	classes = {
	};
	objectVersion = 50;
	objects = {

/* Begin PBXBuildFile section */
		7C00B422253D8A2000A25748 /* ListQueue.swift in Sources */ = {isa = PBXBuildFile; fileRef = 7C00B421253D8A2000A25748 /* ListQueue.swift */; };
		7C00B427253D8E9D00A25748 /* QueueTests.swift in Sources */ = {isa = PBXBuildFile; fileRef = 7C00B426253D8E9D00A25748 /* QueueTests.swift */; };
		7C00B42C253D8FAD00A25748 /* RingBufferQueue.swift in Sources */ = {isa = PBXBuildFile; fileRef = 7C00B42B253D8FAD00A25748 /* RingBufferQueue.swift */; };
		7C3AD6C3252866B700CA7FB7 /* RingBufferTests.swift in Sources */ = {isa = PBXBuildFile; fileRef = 7C3AD6C2252866B700CA7FB7 /* RingBufferTests.swift */; };
		7C52E38C25419D99000746FA /* BinaryHeap.swift in Sources */ = {isa = PBXBuildFile; fileRef = 7C52E38B25419D99000746FA /* BinaryHeap.swift */; };
		7C52E39125419DC4000746FA /* PriorityQueue.swift in Sources */ = {isa = PBXBuildFile; fileRef = 7C52E39025419DC4000746FA /* PriorityQueue.swift */; };
		7C52E3A12542D757000746FA /* BinaryHeapTests.swift in Sources */ = {isa = PBXBuildFile; fileRef = 7C52E3A02542D757000746FA /* BinaryHeapTests.swift */; };
		7C75E89925A2E2F0007873F1 /* BinaryTreeNode.swift in Sources */ = {isa = PBXBuildFile; fileRef = 7C75E89825A2E2F0007873F1 /* BinaryTreeNode.swift */; };
		7C75E89E25A2E474007873F1 /* BinaryTreeInfo.swift in Sources */ = {isa = PBXBuildFile; fileRef = 7C75E89D25A2E474007873F1 /* BinaryTreeInfo.swift */; };
		CF1B1EA125ECF27E0098E9B6 /* BinaryTreeNode+Splay.swift in Sources */ = {isa = PBXBuildFile; fileRef = CF1B1EA025ECF27E0098E9B6 /* BinaryTreeNode+Splay.swift */; };
		CF26B32625C9DDB700BF034C /* BinaryMap.swift in Sources */ = {isa = PBXBuildFile; fileRef = CF26B32525C9DDB700BF034C /* BinaryMap.swift */; };
		CF2FAF8926D0F08000EB96B8 /* RedBlackPerformanceTests.swift in Sources */ = {isa = PBXBuildFile; fileRef = CF2FAF8826D0F08000EB96B8 /* RedBlackPerformanceTests.swift */; };
		CF2FAF8D26D10CCF00EB96B8 /* RedBlackMap.swift in Sources */ = {isa = PBXBuildFile; fileRef = CF2FAF8B26D10CB000EB96B8 /* RedBlackMap.swift */; };
		CF2FAF9226D1117400EB96B8 /* RedBlackTreeNodeDiagram.swift in Sources */ = {isa = PBXBuildFile; fileRef = CF2FAF9026D10F2D00EB96B8 /* RedBlackTreeNodeDiagram.swift */; };
		CF2FAF9826D11AE200EB96B8 /* RedBlackMap+Extensions.swift in Sources */ = {isa = PBXBuildFile; fileRef = CF2FAF9726D11AE200EB96B8 /* RedBlackMap+Extensions.swift */; };
		CF2FAF9A26D11B3100EB96B8 /* RedBlackMap+Codable.swift in Sources */ = {isa = PBXBuildFile; fileRef = CF2FAF9926D11B3100EB96B8 /* RedBlackMap+Codable.swift */; };
		CF32745026C822A800DA1BD7 /* BinarySet.swift in Sources */ = {isa = PBXBuildFile; fileRef = CF32744F26C81D7900DA1BD7 /* BinarySet.swift */; };
		CF32745126C822AB00DA1BD7 /* BinarySet+Extensions.swift in Sources */ = {isa = PBXBuildFile; fileRef = CF32744E26C81D7900DA1BD7 /* BinarySet+Extensions.swift */; };
		CF32745226C822AE00DA1BD7 /* BinarySet+Codable.swift in Sources */ = {isa = PBXBuildFile; fileRef = CF32744C26C81D7900DA1BD7 /* BinarySet+Codable.swift */; };
		CF32745326C822B200DA1BD7 /* BinarySet+Splay.swift in Sources */ = {isa = PBXBuildFile; fileRef = CF32744D26C81D7900DA1BD7 /* BinarySet+Splay.swift */; };
		CF32745726C8249000DA1BD7 /* BinaryMapTests.swift in Sources */ = {isa = PBXBuildFile; fileRef = CF32745626C823DB00DA1BD7 /* BinaryMapTests.swift */; };
		CF32745926C838BA00DA1BD7 /* BinaryTreeNodeInfo.swift in Sources */ = {isa = PBXBuildFile; fileRef = CF32745826C838BA00DA1BD7 /* BinaryTreeNodeInfo.swift */; };
		CF32745B26C83A6800DA1BD7 /* BinaryMapCodableTests.swift in Sources */ = {isa = PBXBuildFile; fileRef = CF32745A26C83A6800DA1BD7 /* BinaryMapCodableTests.swift */; };
		CF32745D26C83B1000DA1BD7 /* SplayMapTests.swift in Sources */ = {isa = PBXBuildFile; fileRef = CF32745C26C83B1000DA1BD7 /* SplayMapTests.swift */; };
		CF3509BA26B562B2004320D0 /* RedBlackSet.swift in Sources */ = {isa = PBXBuildFile; fileRef = CF3509B926B562B2004320D0 /* RedBlackSet.swift */; };
		CF3509BC26B56888004320D0 /* BinaryTreeNodeBase.swift in Sources */ = {isa = PBXBuildFile; fileRef = CF3509BB26B56888004320D0 /* BinaryTreeNodeBase.swift */; };
		CF3509BE26B571DE004320D0 /* BinaryTreeSerialOperations.swift in Sources */ = {isa = PBXBuildFile; fileRef = CF3509BD26B571DE004320D0 /* BinaryTreeSerialOperations.swift */; };
		CF3509C026B57409004320D0 /* BinaryTreeNodeTraits.swift in Sources */ = {isa = PBXBuildFile; fileRef = CF3509BF26B57409004320D0 /* BinaryTreeNodeTraits.swift */; };
		CF3509C426B5D40F004320D0 /* BinaryMap+Extensions.swift in Sources */ = {isa = PBXBuildFile; fileRef = CF3509C326B5D40F004320D0 /* BinaryMap+Extensions.swift */; };
		CF3509C826B5D686004320D0 /* RedBlackSetTests.swift in Sources */ = {isa = PBXBuildFile; fileRef = CF3509C726B5D686004320D0 /* RedBlackSetTests.swift */; };
		CF3509CA26B5D7D0004320D0 /* RedBlackSet+Extensions.swift in Sources */ = {isa = PBXBuildFile; fileRef = CF3509C926B5D7D0004320D0 /* RedBlackSet+Extensions.swift */; };
		CF3509CC26B5DA0E004320D0 /* RedBlackSetInfoTests.swift in Sources */ = {isa = PBXBuildFile; fileRef = CF3509CB26B5DA0E004320D0 /* RedBlackSetInfoTests.swift */; };
		CF395972260F48200001664B /* List+Codable.swift in Sources */ = {isa = PBXBuildFile; fileRef = CF395971260F48200001664B /* List+Codable.swift */; };
		CF395977260F5B0F0001664B /* ListCodableTest.swift in Sources */ = {isa = PBXBuildFile; fileRef = CF395976260F5B0F0001664B /* ListCodableTest.swift */; };
		CF395987260F69DA0001664B /* SequenceEx.swift in Sources */ = {isa = PBXBuildFile; fileRef = CF395986260F69DA0001664B /* SequenceEx.swift */; };
		CF395995260F8EE00001664B /* BinaryMap+Codable.swift in Sources */ = {isa = PBXBuildFile; fileRef = CF395994260F8EE00001664B /* BinaryMap+Codable.swift */; };
		CF39599A260F8F360001664B /* BinarySetCodableTest.swift in Sources */ = {isa = PBXBuildFile; fileRef = CF395999260F8F360001664B /* BinarySetCodableTest.swift */; };
		CF3F9D1C252CEB8600B82E60 /* CollectionExTests.swift in Sources */ = {isa = PBXBuildFile; fileRef = CF3F9D1B252CEB8600B82E60 /* CollectionExTests.swift */; };
		CF5ED6F725E7C356007C0576 /* BinarySetInfoTests.swift in Sources */ = {isa = PBXBuildFile; fileRef = CF5ED6F625E7C356007C0576 /* BinarySetInfoTests.swift */; };
		CF5ED6FC25E7E236007C0576 /* BinarySetRotationTests.swift in Sources */ = {isa = PBXBuildFile; fileRef = CF5ED6FB25E7E236007C0576 /* BinarySetRotationTests.swift */; };
		CF67F9D325F27B8000FA4B4E /* ListCompareTests.swift in Sources */ = {isa = PBXBuildFile; fileRef = CF67F9D225F27B8000FA4B4E /* ListCompareTests.swift */; };
		CF78566F25530805003321B5 /* Clusterizator.swift in Sources */ = {isa = PBXBuildFile; fileRef = CF78566B2552F043003321B5 /* Clusterizator.swift */; };
		CF78567025530808003321B5 /* DisjointSet.swift in Sources */ = {isa = PBXBuildFile; fileRef = CF78566D2552F146003321B5 /* DisjointSet.swift */; };
		CF83EB5F25115FAC000AEFB1 /* ListAlgosTests.swift in Sources */ = {isa = PBXBuildFile; fileRef = CF83EB5C25115B72000AEFB1 /* ListAlgosTests.swift */; };
		CF83EB6025115FB0000AEFB1 /* ListAlgos.swift in Sources */ = {isa = PBXBuildFile; fileRef = CF8E2EE725111F1900419D36 /* ListAlgos.swift */; };
		CF85D9EE250905810099EABF /* main.swift in Sources */ = {isa = PBXBuildFile; fileRef = CF85D9ED250905810099EABF /* main.swift */; };
		CF85DA1925090C210099EABF /* StackTests.swift in Sources */ = {isa = PBXBuildFile; fileRef = CF85DA1825090C210099EABF /* StackTests.swift */; };
		CF85DA2B25090CC60099EABF /* Stack.swift in Sources */ = {isa = PBXBuildFile; fileRef = CF85D9F42509059C0099EABF /* Stack.swift */; };
		CF85DA2D25090D980099EABF /* libSwiftAlgosLib.a in Frameworks */ = {isa = PBXBuildFile; fileRef = CF85DA2225090CB30099EABF /* libSwiftAlgosLib.a */; };
		CF85DA2E25090EF70099EABF /* libSwiftAlgosLib.a in Frameworks */ = {isa = PBXBuildFile; fileRef = CF85DA2225090CB30099EABF /* libSwiftAlgosLib.a */; };
		CF876237250D0A7D00F4FAB0 /* ListNode.swift in Sources */ = {isa = PBXBuildFile; fileRef = CF876236250D0A7D00F4FAB0 /* ListNode.swift */; };
		CF876239250D0D0F00F4FAB0 /* List.swift in Sources */ = {isa = PBXBuildFile; fileRef = CF876238250D0D0F00F4FAB0 /* List.swift */; };
		CF87623B250E258B00F4FAB0 /* ListTests.swift in Sources */ = {isa = PBXBuildFile; fileRef = CF87623A250E258B00F4FAB0 /* ListTests.swift */; };
		CF92106B252CE38D00B47F8D /* CollectionEx.swift in Sources */ = {isa = PBXBuildFile; fileRef = CF92106A252CE38D00B47F8D /* CollectionEx.swift */; };
		CF92106C252CE38D00B47F8D /* CollectionEx.swift in Sources */ = {isa = PBXBuildFile; fileRef = CF92106A252CE38D00B47F8D /* CollectionEx.swift */; };
		CF9376B22527B3540021CCBB /* Queue.swift in Sources */ = {isa = PBXBuildFile; fileRef = CF9376B12527B3540021CCBB /* Queue.swift */; };
		CF9376B62527B7590021CCBB /* Deque.swift in Sources */ = {isa = PBXBuildFile; fileRef = CF9376B52527B7590021CCBB /* Deque.swift */; };
		CF9376B82527BF040021CCBB /* RingBuffer.swift in Sources */ = {isa = PBXBuildFile; fileRef = CF9376B72527BF040021CCBB /* RingBuffer.swift */; };
		CFA90E5926BFECAA00D34314 /* RedBlackSetCodableTest.swift in Sources */ = {isa = PBXBuildFile; fileRef = CFA90E5826BFECAA00D34314 /* RedBlackSetCodableTest.swift */; };
		CFA90E5C26BFEDA800D34314 /* RedBlackSet+Codable.swift in Sources */ = {isa = PBXBuildFile; fileRef = CFA90E5A26BFED5500D34314 /* RedBlackSet+Codable.swift */; };
		CFAEDFD625E8F6A4003A977E /* BinaryMap+Splay.swift in Sources */ = {isa = PBXBuildFile; fileRef = CFAEDFD525E8F6A4003A977E /* BinaryMap+Splay.swift */; };
		CFB1818225DC493B00C61E12 /* BinarySetTests.swift in Sources */ = {isa = PBXBuildFile; fileRef = CFB1818125DC493B00C61E12 /* BinarySetTests.swift */; };
		CFB1818A25DC4BD800C61E12 /* BinaryTreeTraits.swift in Sources */ = {isa = PBXBuildFile; fileRef = CFB1818925DC4BD800C61E12 /* BinaryTreeTraits.swift */; };
		CFB24D7B25ED7DAB00A5FBC4 /* SplaySetTests.swift in Sources */ = {isa = PBXBuildFile; fileRef = CFB24D7A25ED7DAB00A5FBC4 /* SplaySetTests.swift */; };
		CFB2A45126C92D7100004686 /* RedBlackCompactSet.swift in Sources */ = {isa = PBXBuildFile; fileRef = CFB2A44F26C9272300004686 /* RedBlackCompactSet.swift */; };
		CFB2A45526C962C100004686 /* RedBlackCompactSet+Extensions.swift in Sources */ = {isa = PBXBuildFile; fileRef = CFB2A45226C962C100004686 /* RedBlackCompactSet+Extensions.swift */; };
		CFB2A45726C962C100004686 /* RedBlackCompactSet+Codable.swift in Sources */ = {isa = PBXBuildFile; fileRef = CFB2A45426C962C100004686 /* RedBlackCompactSet+Codable.swift */; };
		CFB2A45B26C9649400004686 /* RedBlackCompactSetTests.swift in Sources */ = {isa = PBXBuildFile; fileRef = CFB2A45A26C9648100004686 /* RedBlackCompactSetTests.swift */; };
		CFB2A45D26C99DF100004686 /* RedBlackCompactSetInfoTests.swift in Sources */ = {isa = PBXBuildFile; fileRef = CFB2A45C26C99DF100004686 /* RedBlackCompactSetInfoTests.swift */; };
		CFB2A45F26C99ED100004686 /* RedBlackCompactSetCodableTest.swift in Sources */ = {isa = PBXBuildFile; fileRef = CFB2A45E26C99ED100004686 /* RedBlackCompactSetCodableTest.swift */; };
		CFB3138925C6FE85001E5268 /* PointerEx.swift in Sources */ = {isa = PBXBuildFile; fileRef = CFB3138825C6FE85001E5268 /* PointerEx.swift */; };
		CFB3138E25C7035C001E5268 /* PointerExTests.swift in Sources */ = {isa = PBXBuildFile; fileRef = CFB3138D25C7035C001E5268 /* PointerExTests.swift */; };
		CFB3139925C7108C001E5268 /* BitPtrTests.swift in Sources */ = {isa = PBXBuildFile; fileRef = CFB3139825C7108C001E5268 /* BitPtrTests.swift */; };
		CFB32F1326B9C41A004FB08E /* BinaryTreeCopyOnWrite.swift in Sources */ = {isa = PBXBuildFile; fileRef = CFB32F1226B9C41A004FB08E /* BinaryTreeCopyOnWrite.swift */; };
		CFB32F1526B9C576004FB08E /* BinaryTreeNodeDeepCopy.swift in Sources */ = {isa = PBXBuildFile; fileRef = CFB32F1426B9C576004FB08E /* BinaryTreeNodeDeepCopy.swift */; };
		CFB556C626AD98200047CC84 /* RedBlackTreeNode.swift in Sources */ = {isa = PBXBuildFile; fileRef = CFB556C426AD981B0047CC84 /* RedBlackTreeNode.swift */; };
		CFB99B4D25A5CEBD002E0190 /* BitPtr.swift in Sources */ = {isa = PBXBuildFile; fileRef = CFB99B4C25A5CEBD002E0190 /* BitPtr.swift */; };
		CFBE2FAD2607A7E000436FCD /* EnumListTests.swift in Sources */ = {isa = PBXBuildFile; fileRef = CFBE2FAC2607A7E000436FCD /* EnumListTests.swift */; };
		CFE49EEC2556B668002A3774 /* DisjointSetTest.swift in Sources */ = {isa = PBXBuildFile; fileRef = CFE49EEB2556B668002A3774 /* DisjointSetTest.swift */; };
		CFFC196025EEA1C7003CDA32 /* EnumListNode.swift in Sources */ = {isa = PBXBuildFile; fileRef = CFFC195F25EEA1C7003CDA32 /* EnumListNode.swift */; };
/* End PBXBuildFile section */

/* Begin PBXCopyFilesBuildPhase section */
		CF85D9E8250905810099EABF /* CopyFiles */ = {
			isa = PBXCopyFilesBuildPhase;
			buildActionMask = 2147483647;
			dstPath = /usr/share/man/man1/;
			dstSubfolderSpec = 0;
			files = (
			);
			runOnlyForDeploymentPostprocessing = 1;
		};
/* End PBXCopyFilesBuildPhase section */

/* Begin PBXFileReference section */
		7C00B421253D8A2000A25748 /* ListQueue.swift */ = {isa = PBXFileReference; lastKnownFileType = sourcecode.swift; path = ListQueue.swift; sourceTree = "<group>"; };
		7C00B426253D8E9D00A25748 /* QueueTests.swift */ = {isa = PBXFileReference; lastKnownFileType = sourcecode.swift; path = QueueTests.swift; sourceTree = "<group>"; };
		7C00B42B253D8FAD00A25748 /* RingBufferQueue.swift */ = {isa = PBXFileReference; lastKnownFileType = sourcecode.swift; path = RingBufferQueue.swift; sourceTree = "<group>"; };
		7C3AD6C2252866B700CA7FB7 /* RingBufferTests.swift */ = {isa = PBXFileReference; lastKnownFileType = sourcecode.swift; path = RingBufferTests.swift; sourceTree = "<group>"; };
		7C52E38B25419D99000746FA /* BinaryHeap.swift */ = {isa = PBXFileReference; lastKnownFileType = sourcecode.swift; path = BinaryHeap.swift; sourceTree = "<group>"; };
		7C52E39025419DC4000746FA /* PriorityQueue.swift */ = {isa = PBXFileReference; lastKnownFileType = sourcecode.swift; path = PriorityQueue.swift; sourceTree = "<group>"; };
		7C52E3A02542D757000746FA /* BinaryHeapTests.swift */ = {isa = PBXFileReference; lastKnownFileType = sourcecode.swift; path = BinaryHeapTests.swift; sourceTree = "<group>"; };
		7C75E89825A2E2F0007873F1 /* BinaryTreeNode.swift */ = {isa = PBXFileReference; lastKnownFileType = sourcecode.swift; path = BinaryTreeNode.swift; sourceTree = "<group>"; };
		7C75E89D25A2E474007873F1 /* BinaryTreeInfo.swift */ = {isa = PBXFileReference; lastKnownFileType = sourcecode.swift; path = BinaryTreeInfo.swift; sourceTree = "<group>"; };
		CF1B1EA025ECF27E0098E9B6 /* BinaryTreeNode+Splay.swift */ = {isa = PBXFileReference; lastKnownFileType = sourcecode.swift; path = "BinaryTreeNode+Splay.swift"; sourceTree = "<group>"; };
		CF26B32525C9DDB700BF034C /* BinaryMap.swift */ = {isa = PBXFileReference; lastKnownFileType = sourcecode.swift; path = BinaryMap.swift; sourceTree = "<group>"; };
		CF2FAF8826D0F08000EB96B8 /* RedBlackPerformanceTests.swift */ = {isa = PBXFileReference; lastKnownFileType = sourcecode.swift; path = RedBlackPerformanceTests.swift; sourceTree = "<group>"; };
		CF2FAF8B26D10CB000EB96B8 /* RedBlackMap.swift */ = {isa = PBXFileReference; lastKnownFileType = sourcecode.swift; path = RedBlackMap.swift; sourceTree = "<group>"; };
		CF2FAF9026D10F2D00EB96B8 /* RedBlackTreeNodeDiagram.swift */ = {isa = PBXFileReference; lastKnownFileType = sourcecode.swift; path = RedBlackTreeNodeDiagram.swift; sourceTree = "<group>"; };
		CF2FAF9726D11AE200EB96B8 /* RedBlackMap+Extensions.swift */ = {isa = PBXFileReference; lastKnownFileType = sourcecode.swift; path = "RedBlackMap+Extensions.swift"; sourceTree = "<group>"; };
		CF2FAF9926D11B3100EB96B8 /* RedBlackMap+Codable.swift */ = {isa = PBXFileReference; lastKnownFileType = sourcecode.swift; path = "RedBlackMap+Codable.swift"; sourceTree = "<group>"; };
		CF32744C26C81D7900DA1BD7 /* BinarySet+Codable.swift */ = {isa = PBXFileReference; lastKnownFileType = sourcecode.swift; path = "BinarySet+Codable.swift"; sourceTree = "<group>"; };
		CF32744D26C81D7900DA1BD7 /* BinarySet+Splay.swift */ = {isa = PBXFileReference; lastKnownFileType = sourcecode.swift; path = "BinarySet+Splay.swift"; sourceTree = "<group>"; };
		CF32744E26C81D7900DA1BD7 /* BinarySet+Extensions.swift */ = {isa = PBXFileReference; lastKnownFileType = sourcecode.swift; path = "BinarySet+Extensions.swift"; sourceTree = "<group>"; };
		CF32744F26C81D7900DA1BD7 /* BinarySet.swift */ = {isa = PBXFileReference; lastKnownFileType = sourcecode.swift; path = BinarySet.swift; sourceTree = "<group>"; };
		CF32745626C823DB00DA1BD7 /* BinaryMapTests.swift */ = {isa = PBXFileReference; lastKnownFileType = sourcecode.swift; path = BinaryMapTests.swift; sourceTree = "<group>"; };
		CF32745826C838BA00DA1BD7 /* BinaryTreeNodeInfo.swift */ = {isa = PBXFileReference; lastKnownFileType = sourcecode.swift; path = BinaryTreeNodeInfo.swift; sourceTree = "<group>"; };
		CF32745A26C83A6800DA1BD7 /* BinaryMapCodableTests.swift */ = {isa = PBXFileReference; lastKnownFileType = sourcecode.swift; path = BinaryMapCodableTests.swift; sourceTree = "<group>"; };
		CF32745C26C83B1000DA1BD7 /* SplayMapTests.swift */ = {isa = PBXFileReference; lastKnownFileType = sourcecode.swift; path = SplayMapTests.swift; sourceTree = "<group>"; };
		CF3509B926B562B2004320D0 /* RedBlackSet.swift */ = {isa = PBXFileReference; lastKnownFileType = sourcecode.swift; path = RedBlackSet.swift; sourceTree = "<group>"; };
		CF3509BB26B56888004320D0 /* BinaryTreeNodeBase.swift */ = {isa = PBXFileReference; lastKnownFileType = sourcecode.swift; path = BinaryTreeNodeBase.swift; sourceTree = "<group>"; };
		CF3509BD26B571DE004320D0 /* BinaryTreeSerialOperations.swift */ = {isa = PBXFileReference; lastKnownFileType = sourcecode.swift; path = BinaryTreeSerialOperations.swift; sourceTree = "<group>"; };
		CF3509BF26B57409004320D0 /* BinaryTreeNodeTraits.swift */ = {isa = PBXFileReference; lastKnownFileType = sourcecode.swift; path = BinaryTreeNodeTraits.swift; sourceTree = "<group>"; };
		CF3509C326B5D40F004320D0 /* BinaryMap+Extensions.swift */ = {isa = PBXFileReference; lastKnownFileType = sourcecode.swift; path = "BinaryMap+Extensions.swift"; sourceTree = "<group>"; };
		CF3509C726B5D686004320D0 /* RedBlackSetTests.swift */ = {isa = PBXFileReference; lastKnownFileType = sourcecode.swift; path = RedBlackSetTests.swift; sourceTree = "<group>"; };
		CF3509C926B5D7D0004320D0 /* RedBlackSet+Extensions.swift */ = {isa = PBXFileReference; lastKnownFileType = sourcecode.swift; path = "RedBlackSet+Extensions.swift"; sourceTree = "<group>"; };
		CF3509CB26B5DA0E004320D0 /* RedBlackSetInfoTests.swift */ = {isa = PBXFileReference; lastKnownFileType = sourcecode.swift; path = RedBlackSetInfoTests.swift; sourceTree = "<group>"; };
		CF395971260F48200001664B /* List+Codable.swift */ = {isa = PBXFileReference; lastKnownFileType = sourcecode.swift; path = "List+Codable.swift"; sourceTree = "<group>"; };
		CF395976260F5B0F0001664B /* ListCodableTest.swift */ = {isa = PBXFileReference; lastKnownFileType = sourcecode.swift; path = ListCodableTest.swift; sourceTree = "<group>"; };
		CF395986260F69DA0001664B /* SequenceEx.swift */ = {isa = PBXFileReference; lastKnownFileType = sourcecode.swift; path = SequenceEx.swift; sourceTree = "<group>"; };
		CF395994260F8EE00001664B /* BinaryMap+Codable.swift */ = {isa = PBXFileReference; lastKnownFileType = sourcecode.swift; path = "BinaryMap+Codable.swift"; sourceTree = "<group>"; };
		CF395999260F8F360001664B /* BinarySetCodableTest.swift */ = {isa = PBXFileReference; lastKnownFileType = sourcecode.swift; path = BinarySetCodableTest.swift; sourceTree = "<group>"; };
		CF3F9D1B252CEB8600B82E60 /* CollectionExTests.swift */ = {isa = PBXFileReference; lastKnownFileType = sourcecode.swift; path = CollectionExTests.swift; sourceTree = "<group>"; };
		CF5ED6F625E7C356007C0576 /* BinarySetInfoTests.swift */ = {isa = PBXFileReference; lastKnownFileType = sourcecode.swift; path = BinarySetInfoTests.swift; sourceTree = "<group>"; };
		CF5ED6FB25E7E236007C0576 /* BinarySetRotationTests.swift */ = {isa = PBXFileReference; lastKnownFileType = sourcecode.swift; path = BinarySetRotationTests.swift; sourceTree = "<group>"; };
		CF67F9D225F27B8000FA4B4E /* ListCompareTests.swift */ = {isa = PBXFileReference; lastKnownFileType = sourcecode.swift; path = ListCompareTests.swift; sourceTree = "<group>"; };
		CF78566B2552F043003321B5 /* Clusterizator.swift */ = {isa = PBXFileReference; lastKnownFileType = sourcecode.swift; path = Clusterizator.swift; sourceTree = "<group>"; };
		CF78566D2552F146003321B5 /* DisjointSet.swift */ = {isa = PBXFileReference; lastKnownFileType = sourcecode.swift; path = DisjointSet.swift; sourceTree = "<group>"; };
		CF83EB5C25115B72000AEFB1 /* ListAlgosTests.swift */ = {isa = PBXFileReference; lastKnownFileType = sourcecode.swift; path = ListAlgosTests.swift; sourceTree = "<group>"; };
		CF85D9EA250905810099EABF /* SwiftAlgosSandbox */ = {isa = PBXFileReference; explicitFileType = "compiled.mach-o.executable"; includeInIndex = 0; path = SwiftAlgosSandbox; sourceTree = BUILT_PRODUCTS_DIR; };
		CF85D9ED250905810099EABF /* main.swift */ = {isa = PBXFileReference; lastKnownFileType = sourcecode.swift; path = main.swift; sourceTree = "<group>"; };
		CF85D9F42509059C0099EABF /* Stack.swift */ = {isa = PBXFileReference; lastKnownFileType = sourcecode.swift; path = Stack.swift; sourceTree = "<group>"; };
		CF85DA1625090C210099EABF /* SwiftAlgosTests.xctest */ = {isa = PBXFileReference; explicitFileType = wrapper.cfbundle; includeInIndex = 0; path = SwiftAlgosTests.xctest; sourceTree = BUILT_PRODUCTS_DIR; };
		CF85DA1825090C210099EABF /* StackTests.swift */ = {isa = PBXFileReference; lastKnownFileType = sourcecode.swift; path = StackTests.swift; sourceTree = "<group>"; };
		CF85DA1A25090C210099EABF /* Info.plist */ = {isa = PBXFileReference; lastKnownFileType = text.plist.xml; path = Info.plist; sourceTree = "<group>"; };
		CF85DA2225090CB30099EABF /* libSwiftAlgosLib.a */ = {isa = PBXFileReference; explicitFileType = archive.ar; includeInIndex = 0; path = libSwiftAlgosLib.a; sourceTree = BUILT_PRODUCTS_DIR; };
		CF876232250CF1F500F4FAB0 /* SwiftAlgosLib.xctestplan */ = {isa = PBXFileReference; lastKnownFileType = text; path = SwiftAlgosLib.xctestplan; sourceTree = "<group>"; };
		CF876236250D0A7D00F4FAB0 /* ListNode.swift */ = {isa = PBXFileReference; lastKnownFileType = sourcecode.swift; path = ListNode.swift; sourceTree = "<group>"; };
		CF876238250D0D0F00F4FAB0 /* List.swift */ = {isa = PBXFileReference; lastKnownFileType = sourcecode.swift; path = List.swift; sourceTree = "<group>"; };
		CF87623A250E258B00F4FAB0 /* ListTests.swift */ = {isa = PBXFileReference; lastKnownFileType = sourcecode.swift; path = ListTests.swift; sourceTree = "<group>"; };
		CF8E2EE725111F1900419D36 /* ListAlgos.swift */ = {isa = PBXFileReference; fileEncoding = 4; lastKnownFileType = sourcecode.swift; path = ListAlgos.swift; sourceTree = "<group>"; };
		CF92106A252CE38D00B47F8D /* CollectionEx.swift */ = {isa = PBXFileReference; lastKnownFileType = sourcecode.swift; path = CollectionEx.swift; sourceTree = "<group>"; };
		CF9376B12527B3540021CCBB /* Queue.swift */ = {isa = PBXFileReference; lastKnownFileType = sourcecode.swift; path = Queue.swift; sourceTree = "<group>"; };
		CF9376B52527B7590021CCBB /* Deque.swift */ = {isa = PBXFileReference; lastKnownFileType = sourcecode.swift; path = Deque.swift; sourceTree = "<group>"; };
		CF9376B72527BF040021CCBB /* RingBuffer.swift */ = {isa = PBXFileReference; lastKnownFileType = sourcecode.swift; path = RingBuffer.swift; sourceTree = "<group>"; };
		CFA90E5826BFECAA00D34314 /* RedBlackSetCodableTest.swift */ = {isa = PBXFileReference; lastKnownFileType = sourcecode.swift; path = RedBlackSetCodableTest.swift; sourceTree = "<group>"; };
		CFA90E5A26BFED5500D34314 /* RedBlackSet+Codable.swift */ = {isa = PBXFileReference; lastKnownFileType = sourcecode.swift; path = "RedBlackSet+Codable.swift"; sourceTree = "<group>"; };
		CFAEDFD525E8F6A4003A977E /* BinaryMap+Splay.swift */ = {isa = PBXFileReference; lastKnownFileType = sourcecode.swift; path = "BinaryMap+Splay.swift"; sourceTree = "<group>"; };
		CFB1818125DC493B00C61E12 /* BinarySetTests.swift */ = {isa = PBXFileReference; lastKnownFileType = sourcecode.swift; path = BinarySetTests.swift; sourceTree = "<group>"; };
		CFB1818925DC4BD800C61E12 /* BinaryTreeTraits.swift */ = {isa = PBXFileReference; lastKnownFileType = sourcecode.swift; path = BinaryTreeTraits.swift; sourceTree = "<group>"; };
		CFB24D7A25ED7DAB00A5FBC4 /* SplaySetTests.swift */ = {isa = PBXFileReference; lastKnownFileType = sourcecode.swift; path = SplaySetTests.swift; sourceTree = "<group>"; };
		CFB2A44F26C9272300004686 /* RedBlackCompactSet.swift */ = {isa = PBXFileReference; lastKnownFileType = sourcecode.swift; path = RedBlackCompactSet.swift; sourceTree = "<group>"; };
		CFB2A45226C962C100004686 /* RedBlackCompactSet+Extensions.swift */ = {isa = PBXFileReference; lastKnownFileType = sourcecode.swift; path = "RedBlackCompactSet+Extensions.swift"; sourceTree = "<group>"; };
		CFB2A45426C962C100004686 /* RedBlackCompactSet+Codable.swift */ = {isa = PBXFileReference; lastKnownFileType = sourcecode.swift; path = "RedBlackCompactSet+Codable.swift"; sourceTree = "<group>"; };
		CFB2A45A26C9648100004686 /* RedBlackCompactSetTests.swift */ = {isa = PBXFileReference; lastKnownFileType = sourcecode.swift; path = RedBlackCompactSetTests.swift; sourceTree = "<group>"; };
		CFB2A45C26C99DF100004686 /* RedBlackCompactSetInfoTests.swift */ = {isa = PBXFileReference; lastKnownFileType = sourcecode.swift; path = RedBlackCompactSetInfoTests.swift; sourceTree = "<group>"; };
		CFB2A45E26C99ED100004686 /* RedBlackCompactSetCodableTest.swift */ = {isa = PBXFileReference; lastKnownFileType = sourcecode.swift; path = RedBlackCompactSetCodableTest.swift; sourceTree = "<group>"; };
		CFB3138825C6FE85001E5268 /* PointerEx.swift */ = {isa = PBXFileReference; lastKnownFileType = sourcecode.swift; path = PointerEx.swift; sourceTree = "<group>"; };
		CFB3138D25C7035C001E5268 /* PointerExTests.swift */ = {isa = PBXFileReference; lastKnownFileType = sourcecode.swift; path = PointerExTests.swift; sourceTree = "<group>"; };
		CFB3139825C7108C001E5268 /* BitPtrTests.swift */ = {isa = PBXFileReference; lastKnownFileType = sourcecode.swift; path = BitPtrTests.swift; sourceTree = "<group>"; };
		CFB32F1226B9C41A004FB08E /* BinaryTreeCopyOnWrite.swift */ = {isa = PBXFileReference; lastKnownFileType = sourcecode.swift; path = BinaryTreeCopyOnWrite.swift; sourceTree = "<group>"; };
		CFB32F1426B9C576004FB08E /* BinaryTreeNodeDeepCopy.swift */ = {isa = PBXFileReference; lastKnownFileType = sourcecode.swift; path = BinaryTreeNodeDeepCopy.swift; sourceTree = "<group>"; };
		CFB556C426AD981B0047CC84 /* RedBlackTreeNode.swift */ = {isa = PBXFileReference; lastKnownFileType = sourcecode.swift; path = RedBlackTreeNode.swift; sourceTree = "<group>"; };
		CFB99B4C25A5CEBD002E0190 /* BitPtr.swift */ = {isa = PBXFileReference; lastKnownFileType = sourcecode.swift; path = BitPtr.swift; sourceTree = "<group>"; };
		CFBE2FAC2607A7E000436FCD /* EnumListTests.swift */ = {isa = PBXFileReference; lastKnownFileType = sourcecode.swift; path = EnumListTests.swift; sourceTree = "<group>"; };
		CFE49EEB2556B668002A3774 /* DisjointSetTest.swift */ = {isa = PBXFileReference; lastKnownFileType = sourcecode.swift; path = DisjointSetTest.swift; sourceTree = "<group>"; };
		CFFC195F25EEA1C7003CDA32 /* EnumListNode.swift */ = {isa = PBXFileReference; lastKnownFileType = sourcecode.swift; path = EnumListNode.swift; sourceTree = "<group>"; };
/* End PBXFileReference section */

/* Begin PBXFrameworksBuildPhase section */
		CF85D9E7250905810099EABF /* Frameworks */ = {
			isa = PBXFrameworksBuildPhase;
			buildActionMask = 2147483647;
			files = (
				CF85DA2E25090EF70099EABF /* libSwiftAlgosLib.a in Frameworks */,
			);
			runOnlyForDeploymentPostprocessing = 0;
		};
		CF85DA1325090C210099EABF /* Frameworks */ = {
			isa = PBXFrameworksBuildPhase;
			buildActionMask = 2147483647;
			files = (
				CF85DA2D25090D980099EABF /* libSwiftAlgosLib.a in Frameworks */,
			);
			runOnlyForDeploymentPostprocessing = 0;
		};
		CF85DA2025090CB30099EABF /* Frameworks */ = {
			isa = PBXFrameworksBuildPhase;
			buildActionMask = 2147483647;
			files = (
			);
			runOnlyForDeploymentPostprocessing = 0;
		};
/* End PBXFrameworksBuildPhase section */

/* Begin PBXGroup section */
		CF2FAF8A26D10C8E00EB96B8 /* RedBlackMap */ = {
			isa = PBXGroup;
			children = (
				CF2FAF8B26D10CB000EB96B8 /* RedBlackMap.swift */,
				CF2FAF9726D11AE200EB96B8 /* RedBlackMap+Extensions.swift */,
				CF2FAF9926D11B3100EB96B8 /* RedBlackMap+Codable.swift */,
			);
			path = RedBlackMap;
			sourceTree = "<group>";
		};
		CF32744926C7D5CB00DA1BD7 /* BinarySet */ = {
			isa = PBXGroup;
			children = (
				CF32744F26C81D7900DA1BD7 /* BinarySet.swift */,
				CF32744E26C81D7900DA1BD7 /* BinarySet+Extensions.swift */,
				CF32744C26C81D7900DA1BD7 /* BinarySet+Codable.swift */,
				CF32744D26C81D7900DA1BD7 /* BinarySet+Splay.swift */,
			);
			path = BinarySet;
			sourceTree = "<group>";
		};
		CF32744A26C7E5D600DA1BD7 /* RedBlackSet */ = {
			isa = PBXGroup;
			children = (
				CF3509B926B562B2004320D0 /* RedBlackSet.swift */,
				CF3509C926B5D7D0004320D0 /* RedBlackSet+Extensions.swift */,
				CFA90E5A26BFED5500D34314 /* RedBlackSet+Codable.swift */,
			);
			path = RedBlackSet;
			sourceTree = "<group>";
		};
		CF32744B26C81D5400DA1BD7 /* BinaryMap */ = {
			isa = PBXGroup;
			children = (
				CF26B32525C9DDB700BF034C /* BinaryMap.swift */,
				CF3509C326B5D40F004320D0 /* BinaryMap+Extensions.swift */,
				CF395994260F8EE00001664B /* BinaryMap+Codable.swift */,
				CFAEDFD525E8F6A4003A977E /* BinaryMap+Splay.swift */,
			);
			path = BinaryMap;
			sourceTree = "<group>";
		};
		CF32745426C8232E00DA1BD7 /* BinarySet */ = {
			isa = PBXGroup;
			children = (
				CFB1818125DC493B00C61E12 /* BinarySetTests.swift */,
				CF5ED6F625E7C356007C0576 /* BinarySetInfoTests.swift */,
				CF5ED6FB25E7E236007C0576 /* BinarySetRotationTests.swift */,
				CFB24D7A25ED7DAB00A5FBC4 /* SplaySetTests.swift */,
				CF395999260F8F360001664B /* BinarySetCodableTest.swift */,
			);
			path = BinarySet;
			sourceTree = "<group>";
		};
		CF32745526C8238D00DA1BD7 /* BinaryMap */ = {
			isa = PBXGroup;
			children = (
				CF32745626C823DB00DA1BD7 /* BinaryMapTests.swift */,
				CF32745A26C83A6800DA1BD7 /* BinaryMapCodableTests.swift */,
				CF32745C26C83B1000DA1BD7 /* SplayMapTests.swift */,
			);
			path = BinaryMap;
			sourceTree = "<group>";
		};
		CF3509C126B57E54004320D0 /* Common */ = {
			isa = PBXGroup;
			children = (
				CF3509BB26B56888004320D0 /* BinaryTreeNodeBase.swift */,
				CF32745826C838BA00DA1BD7 /* BinaryTreeNodeInfo.swift */,
				CF3509BF26B57409004320D0 /* BinaryTreeNodeTraits.swift */,
				CFB32F1426B9C576004FB08E /* BinaryTreeNodeDeepCopy.swift */,
				7C75E89D25A2E474007873F1 /* BinaryTreeInfo.swift */,
				CFB1818925DC4BD800C61E12 /* BinaryTreeTraits.swift */,
				CFB32F1226B9C41A004FB08E /* BinaryTreeCopyOnWrite.swift */,
				CF3509BD26B571DE004320D0 /* BinaryTreeSerialOperations.swift */,
			);
			path = Common;
			sourceTree = "<group>";
		};
		CF3509C226B57EA6004320D0 /* Unbalanced */ = {
			isa = PBXGroup;
			children = (
				CF32744926C7D5CB00DA1BD7 /* BinarySet */,
				CF32744B26C81D5400DA1BD7 /* BinaryMap */,
				7C75E89825A2E2F0007873F1 /* BinaryTreeNode.swift */,
				CF1B1EA025ECF27E0098E9B6 /* BinaryTreeNode+Splay.swift */,
			);
			path = Unbalanced;
			sourceTree = "<group>";
		};
		CF3509C526B5D591004320D0 /* RedBlack */ = {
			isa = PBXGroup;
			children = (
				CFB2A45826C9644800004686 /* Set */,
				CFB2A45926C9645C00004686 /* CompactSet */,
				CF2FAF8826D0F08000EB96B8 /* RedBlackPerformanceTests.swift */,
			);
			path = RedBlack;
			sourceTree = "<group>";
		};
		CF3509C626B5D5A8004320D0 /* Unbalanced */ = {
			isa = PBXGroup;
			children = (
				CF32745526C8238D00DA1BD7 /* BinaryMap */,
				CF32745426C8232E00DA1BD7 /* BinarySet */,
			);
			path = Unbalanced;
			sourceTree = "<group>";
		};
		CF5ED70025E7E255007C0576 /* BinaryTree */ = {
			isa = PBXGroup;
			children = (
				CF3509C126B57E54004320D0 /* Common */,
				CF3509C226B57EA6004320D0 /* Unbalanced */,
				CFB556C326AD97BC0047CC84 /* RedBlack */,
			);
			path = BinaryTree;
			sourceTree = "<group>";
		};
		CF5ED70125E7E26D007C0576 /* BinaryTree */ = {
			isa = PBXGroup;
			children = (
				CF3509C626B5D5A8004320D0 /* Unbalanced */,
				CF3509C526B5D591004320D0 /* RedBlack */,
			);
			path = BinaryTree;
			sourceTree = "<group>";
		};
		CF85D9E1250905810099EABF = {
			isa = PBXGroup;
			children = (
				CF85D9EC250905810099EABF /* Sandbox */,
				CF85DA2325090CB30099EABF /* Lib */,
				CF85DA1725090C210099EABF /* Tests */,
				CF85D9EB250905810099EABF /* Products */,
				CF85DA2C25090D980099EABF /* Frameworks */,
			);
			sourceTree = "<group>";
		};
		CF85D9EB250905810099EABF /* Products */ = {
			isa = PBXGroup;
			children = (
				CF85D9EA250905810099EABF /* SwiftAlgosSandbox */,
				CF85DA1625090C210099EABF /* SwiftAlgosTests.xctest */,
				CF85DA2225090CB30099EABF /* libSwiftAlgosLib.a */,
			);
			name = Products;
			sourceTree = "<group>";
		};
		CF85D9EC250905810099EABF /* Sandbox */ = {
			isa = PBXGroup;
			children = (
				CF85D9ED250905810099EABF /* main.swift */,
			);
			path = Sandbox;
			sourceTree = "<group>";
		};
		CF85DA1725090C210099EABF /* Tests */ = {
			isa = PBXGroup;
			children = (
				CF5ED70125E7E26D007C0576 /* BinaryTree */,
				CFBE2FAB2607A7B500436FCD /* List */,
				CF85DA1A25090C210099EABF /* Info.plist */,
				CF876232250CF1F500F4FAB0 /* SwiftAlgosLib.xctestplan */,
				CF85DA1825090C210099EABF /* StackTests.swift */,
				CF3F9D1B252CEB8600B82E60 /* CollectionExTests.swift */,
				7C3AD6C2252866B700CA7FB7 /* RingBufferTests.swift */,
				7C00B426253D8E9D00A25748 /* QueueTests.swift */,
				7C52E3A02542D757000746FA /* BinaryHeapTests.swift */,
				CFE49EEB2556B668002A3774 /* DisjointSetTest.swift */,
				CFB3138D25C7035C001E5268 /* PointerExTests.swift */,
				CFB3139825C7108C001E5268 /* BitPtrTests.swift */,
			);
			path = Tests;
			sourceTree = "<group>";
		};
		CF85DA2325090CB30099EABF /* Lib */ = {
			isa = PBXGroup;
			children = (
				CFBE2FA72607A77B00436FCD /* List */,
				CF5ED70025E7E255007C0576 /* BinaryTree */,
				CF85D9F42509059C0099EABF /* Stack.swift */,
				CF9376B12527B3540021CCBB /* Queue.swift */,
				CF9376B52527B7590021CCBB /* Deque.swift */,
				CF395986260F69DA0001664B /* SequenceEx.swift */,
				CF92106A252CE38D00B47F8D /* CollectionEx.swift */,
				CFB3138825C6FE85001E5268 /* PointerEx.swift */,
				CF9376B72527BF040021CCBB /* RingBuffer.swift */,
				7C00B42B253D8FAD00A25748 /* RingBufferQueue.swift */,
				7C52E38B25419D99000746FA /* BinaryHeap.swift */,
				7C52E39025419DC4000746FA /* PriorityQueue.swift */,
				CF78566B2552F043003321B5 /* Clusterizator.swift */,
				CF78566D2552F146003321B5 /* DisjointSet.swift */,
				CFB99B4C25A5CEBD002E0190 /* BitPtr.swift */,
			);
			path = Lib;
			sourceTree = "<group>";
		};
		CF85DA2C25090D980099EABF /* Frameworks */ = {
			isa = PBXGroup;
			children = (
			);
			name = Frameworks;
			sourceTree = "<group>";
		};
		CFB2A44E26C926F500004686 /* RedBlackCompactSet */ = {
			isa = PBXGroup;
			children = (
				CFB2A44F26C9272300004686 /* RedBlackCompactSet.swift */,
				CFB2A45226C962C100004686 /* RedBlackCompactSet+Extensions.swift */,
				CFB2A45426C962C100004686 /* RedBlackCompactSet+Codable.swift */,
			);
			path = RedBlackCompactSet;
			sourceTree = "<group>";
		};
		CFB2A45826C9644800004686 /* Set */ = {
			isa = PBXGroup;
			children = (
				CF3509C726B5D686004320D0 /* RedBlackSetTests.swift */,
				CF3509CB26B5DA0E004320D0 /* RedBlackSetInfoTests.swift */,
				CFA90E5826BFECAA00D34314 /* RedBlackSetCodableTest.swift */,
			);
			path = Set;
			sourceTree = "<group>";
		};
		CFB2A45926C9645C00004686 /* CompactSet */ = {
			isa = PBXGroup;
			children = (
				CFB2A45A26C9648100004686 /* RedBlackCompactSetTests.swift */,
				CFB2A45C26C99DF100004686 /* RedBlackCompactSetInfoTests.swift */,
				CFB2A45E26C99ED100004686 /* RedBlackCompactSetCodableTest.swift */,
			);
			path = CompactSet;
			sourceTree = "<group>";
		};
		CFB556C326AD97BC0047CC84 /* RedBlack */ = {
			isa = PBXGroup;
			children = (
				CF32744A26C7E5D600DA1BD7 /* RedBlackSet */,
				CF2FAF8A26D10C8E00EB96B8 /* RedBlackMap */,
				CFB2A44E26C926F500004686 /* RedBlackCompactSet */,
				CFB556C426AD981B0047CC84 /* RedBlackTreeNode.swift */,
				CF2FAF9026D10F2D00EB96B8 /* RedBlackTreeNodeDiagram.swift */,
			);
			path = RedBlack;
			sourceTree = "<group>";
		};
		CFBE2FA72607A77B00436FCD /* List */ = {
			isa = PBXGroup;
			children = (
				CF876236250D0A7D00F4FAB0 /* ListNode.swift */,
				CF876238250D0D0F00F4FAB0 /* List.swift */,
				CFFC195F25EEA1C7003CDA32 /* EnumListNode.swift */,
				CF8E2EE725111F1900419D36 /* ListAlgos.swift */,
				7C00B421253D8A2000A25748 /* ListQueue.swift */,
				CF395971260F48200001664B /* List+Codable.swift */,
			);
			path = List;
			sourceTree = "<group>";
		};
		CFBE2FAB2607A7B500436FCD /* List */ = {
			isa = PBXGroup;
			children = (
				CF87623A250E258B00F4FAB0 /* ListTests.swift */,
				CFBE2FAC2607A7E000436FCD /* EnumListTests.swift */,
				CF83EB5C25115B72000AEFB1 /* ListAlgosTests.swift */,
				CF67F9D225F27B8000FA4B4E /* ListCompareTests.swift */,
				CF395976260F5B0F0001664B /* ListCodableTest.swift */,
			);
			path = List;
			sourceTree = "<group>";
		};
/* End PBXGroup section */

/* Begin PBXHeadersBuildPhase section */
		CF85DA1E25090CB30099EABF /* Headers */ = {
			isa = PBXHeadersBuildPhase;
			buildActionMask = 2147483647;
			files = (
			);
			runOnlyForDeploymentPostprocessing = 0;
		};
/* End PBXHeadersBuildPhase section */

/* Begin PBXNativeTarget section */
		CF85D9E9250905810099EABF /* SwiftAlgosSandbox */ = {
			isa = PBXNativeTarget;
			buildConfigurationList = CF85D9F1250905810099EABF /* Build configuration list for PBXNativeTarget "SwiftAlgosSandbox" */;
			buildPhases = (
				CF85D9E6250905810099EABF /* Sources */,
				CF85D9E7250905810099EABF /* Frameworks */,
				CF85D9E8250905810099EABF /* CopyFiles */,
			);
			buildRules = (
			);
			dependencies = (
			);
			name = SwiftAlgosSandbox;
			productName = Algos;
			productReference = CF85D9EA250905810099EABF /* SwiftAlgosSandbox */;
			productType = "com.apple.product-type.tool";
		};
		CF85DA1525090C210099EABF /* SwiftAlgosTests */ = {
			isa = PBXNativeTarget;
			buildConfigurationList = CF85DA1B25090C210099EABF /* Build configuration list for PBXNativeTarget "SwiftAlgosTests" */;
			buildPhases = (
				CF85DA1225090C210099EABF /* Sources */,
				CF85DA1325090C210099EABF /* Frameworks */,
				CF85DA1425090C210099EABF /* Resources */,
			);
			buildRules = (
			);
			dependencies = (
			);
			name = SwiftAlgosTests;
			productName = AlgosTests;
			productReference = CF85DA1625090C210099EABF /* SwiftAlgosTests.xctest */;
			productType = "com.apple.product-type.bundle.unit-test";
		};
		CF85DA2125090CB30099EABF /* SwiftAlgosLib */ = {
			isa = PBXNativeTarget;
			buildConfigurationList = CF85DA2825090CB30099EABF /* Build configuration list for PBXNativeTarget "SwiftAlgosLib" */;
			buildPhases = (
				CF85DA1E25090CB30099EABF /* Headers */,
				CF85DA1F25090CB30099EABF /* Sources */,
				CF85DA2025090CB30099EABF /* Frameworks */,
			);
			buildRules = (
			);
			dependencies = (
			);
			name = SwiftAlgosLib;
			productName = AlgosLib;
			productReference = CF85DA2225090CB30099EABF /* libSwiftAlgosLib.a */;
			productType = "com.apple.product-type.library.static";
		};
/* End PBXNativeTarget section */

/* Begin PBXProject section */
		CF85D9E2250905810099EABF /* Project object */ = {
			isa = PBXProject;
			attributes = {
				LastSwiftUpdateCheck = 1170;
				LastUpgradeCheck = 1200;
				ORGANIZATIONNAME = "Oleg Bakharev";
				TargetAttributes = {
					CF85D9E9250905810099EABF = {
						CreatedOnToolsVersion = 11.7;
					};
					CF85DA1525090C210099EABF = {
						CreatedOnToolsVersion = 11.7;
					};
					CF85DA2125090CB30099EABF = {
						CreatedOnToolsVersion = 11.7;
					};
				};
			};
			buildConfigurationList = CF85D9E5250905810099EABF /* Build configuration list for PBXProject "SwiftAlgos" */;
			compatibilityVersion = "Xcode 9.3";
			developmentRegion = en;
			hasScannedForEncodings = 0;
			knownRegions = (
				en,
				Base,
			);
			mainGroup = CF85D9E1250905810099EABF;
			productRefGroup = CF85D9EB250905810099EABF /* Products */;
			projectDirPath = "";
			projectRoot = "";
			targets = (
				CF85D9E9250905810099EABF /* SwiftAlgosSandbox */,
				CF85DA1525090C210099EABF /* SwiftAlgosTests */,
				CF85DA2125090CB30099EABF /* SwiftAlgosLib */,
			);
		};
/* End PBXProject section */

/* Begin PBXResourcesBuildPhase section */
		CF85DA1425090C210099EABF /* Resources */ = {
			isa = PBXResourcesBuildPhase;
			buildActionMask = 2147483647;
			files = (
			);
			runOnlyForDeploymentPostprocessing = 0;
		};
/* End PBXResourcesBuildPhase section */

/* Begin PBXSourcesBuildPhase section */
		CF85D9E6250905810099EABF /* Sources */ = {
			isa = PBXSourcesBuildPhase;
			buildActionMask = 2147483647;
			files = (
				CF85D9EE250905810099EABF /* main.swift in Sources */,
				CF92106B252CE38D00B47F8D /* CollectionEx.swift in Sources */,
			);
			runOnlyForDeploymentPostprocessing = 0;
		};
		CF85DA1225090C210099EABF /* Sources */ = {
			isa = PBXSourcesBuildPhase;
			buildActionMask = 2147483647;
			files = (
				CFE49EEC2556B668002A3774 /* DisjointSetTest.swift in Sources */,
				CF32745726C8249000DA1BD7 /* BinaryMapTests.swift in Sources */,
				CF85DA1925090C210099EABF /* StackTests.swift in Sources */,
				CFBE2FAD2607A7E000436FCD /* EnumListTests.swift in Sources */,
				CFB2A45F26C99ED100004686 /* RedBlackCompactSetCodableTest.swift in Sources */,
				7C00B427253D8E9D00A25748 /* QueueTests.swift in Sources */,
				CF5ED6FC25E7E236007C0576 /* BinarySetRotationTests.swift in Sources */,
				CFB2A45D26C99DF100004686 /* RedBlackCompactSetInfoTests.swift in Sources */,
				CF83EB5F25115FAC000AEFB1 /* ListAlgosTests.swift in Sources */,
				CF5ED6F725E7C356007C0576 /* BinarySetInfoTests.swift in Sources */,
				CF87623B250E258B00F4FAB0 /* ListTests.swift in Sources */,
				7C52E3A12542D757000746FA /* BinaryHeapTests.swift in Sources */,
				CFB3139925C7108C001E5268 /* BitPtrTests.swift in Sources */,
				CF3509C826B5D686004320D0 /* RedBlackSetTests.swift in Sources */,
				CF2FAF8926D0F08000EB96B8 /* RedBlackPerformanceTests.swift in Sources */,
				CFA90E5926BFECAA00D34314 /* RedBlackSetCodableTest.swift in Sources */,
				CFB1818225DC493B00C61E12 /* BinarySetTests.swift in Sources */,
				CF3F9D1C252CEB8600B82E60 /* CollectionExTests.swift in Sources */,
				CFB3138E25C7035C001E5268 /* PointerExTests.swift in Sources */,
				CF395977260F5B0F0001664B /* ListCodableTest.swift in Sources */,
				CF67F9D325F27B8000FA4B4E /* ListCompareTests.swift in Sources */,
				CF32745B26C83A6800DA1BD7 /* BinaryMapCodableTests.swift in Sources */,
				CF32745D26C83B1000DA1BD7 /* SplayMapTests.swift in Sources */,
				CF39599A260F8F360001664B /* BinarySetCodableTest.swift in Sources */,
				CFB2A45B26C9649400004686 /* RedBlackCompactSetTests.swift in Sources */,
				CF3509CC26B5DA0E004320D0 /* RedBlackSetInfoTests.swift in Sources */,
				7C3AD6C3252866B700CA7FB7 /* RingBufferTests.swift in Sources */,
				CFB24D7B25ED7DAB00A5FBC4 /* SplaySetTests.swift in Sources */,
			);
			runOnlyForDeploymentPostprocessing = 0;
		};
		CF85DA1F25090CB30099EABF /* Sources */ = {
			isa = PBXSourcesBuildPhase;
			buildActionMask = 2147483647;
			files = (
				7C75E89E25A2E474007873F1 /* BinaryTreeInfo.swift in Sources */,
				CF32745026C822A800DA1BD7 /* BinarySet.swift in Sources */,
				CFB2A45526C962C100004686 /* RedBlackCompactSet+Extensions.swift in Sources */,
				CF3509BA26B562B2004320D0 /* RedBlackSet.swift in Sources */,
				CF3509BE26B571DE004320D0 /* BinaryTreeSerialOperations.swift in Sources */,
				CF78566F25530805003321B5 /* Clusterizator.swift in Sources */,
				CF3509C026B57409004320D0 /* BinaryTreeNodeTraits.swift in Sources */,
				CFB99B4D25A5CEBD002E0190 /* BitPtr.swift in Sources */,
				CF3509C426B5D40F004320D0 /* BinaryMap+Extensions.swift in Sources */,
				CF9376B22527B3540021CCBB /* Queue.swift in Sources */,
				CFB32F1326B9C41A004FB08E /* BinaryTreeCopyOnWrite.swift in Sources */,
				CF2FAF9226D1117400EB96B8 /* RedBlackTreeNodeDiagram.swift in Sources */,
				CFB2A45726C962C100004686 /* RedBlackCompactSet+Codable.swift in Sources */,
				CF2FAF9826D11AE200EB96B8 /* RedBlackMap+Extensions.swift in Sources */,
				CF9376B62527B7590021CCBB /* Deque.swift in Sources */,
				CF3509CA26B5D7D0004320D0 /* RedBlackSet+Extensions.swift in Sources */,
				7C52E38C25419D99000746FA /* BinaryHeap.swift in Sources */,
				CF395972260F48200001664B /* List+Codable.swift in Sources */,
				CF83EB6025115FB0000AEFB1 /* ListAlgos.swift in Sources */,
				CF3509BC26B56888004320D0 /* BinaryTreeNodeBase.swift in Sources */,
				CFA90E5C26BFEDA800D34314 /* RedBlackSet+Codable.swift in Sources */,
				CF32745126C822AB00DA1BD7 /* BinarySet+Extensions.swift in Sources */,
				CF85DA2B25090CC60099EABF /* Stack.swift in Sources */,
				CF32745926C838BA00DA1BD7 /* BinaryTreeNodeInfo.swift in Sources */,
				CFB2A45126C92D7100004686 /* RedBlackCompactSet.swift in Sources */,
				CF26B32625C9DDB700BF034C /* BinaryMap.swift in Sources */,
				CF78567025530808003321B5 /* DisjointSet.swift in Sources */,
				CF395995260F8EE00001664B /* BinaryMap+Codable.swift in Sources */,
				CFFC196025EEA1C7003CDA32 /* EnumListNode.swift in Sources */,
				CFB3138925C6FE85001E5268 /* PointerEx.swift in Sources */,
				CFB556C626AD98200047CC84 /* RedBlackTreeNode.swift in Sources */,
				CFAEDFD625E8F6A4003A977E /* BinaryMap+Splay.swift in Sources */,
				7C52E39125419DC4000746FA /* PriorityQueue.swift in Sources */,
				CF395987260F69DA0001664B /* SequenceEx.swift in Sources */,
				CF32745326C822B200DA1BD7 /* BinarySet+Splay.swift in Sources */,
				7C75E89925A2E2F0007873F1 /* BinaryTreeNode.swift in Sources */,
				CF1B1EA125ECF27E0098E9B6 /* BinaryTreeNode+Splay.swift in Sources */,
				CFB32F1526B9C576004FB08E /* BinaryTreeNodeDeepCopy.swift in Sources */,
				CF32745226C822AE00DA1BD7 /* BinarySet+Codable.swift in Sources */,
				CF9376B82527BF040021CCBB /* RingBuffer.swift in Sources */,
				CF92106C252CE38D00B47F8D /* CollectionEx.swift in Sources */,
				CF2FAF8D26D10CCF00EB96B8 /* RedBlackMap.swift in Sources */,
				CF876237250D0A7D00F4FAB0 /* ListNode.swift in Sources */,
				7C00B42C253D8FAD00A25748 /* RingBufferQueue.swift in Sources */,
				CF876239250D0D0F00F4FAB0 /* List.swift in Sources */,
				7C00B422253D8A2000A25748 /* ListQueue.swift in Sources */,
				CFB1818A25DC4BD800C61E12 /* BinaryTreeTraits.swift in Sources */,
				CF2FAF9A26D11B3100EB96B8 /* RedBlackMap+Codable.swift in Sources */,
			);
			runOnlyForDeploymentPostprocessing = 0;
		};
/* End PBXSourcesBuildPhase section */

/* Begin XCBuildConfiguration section */
		CF85D9EF250905810099EABF /* Debug */ = {
			isa = XCBuildConfiguration;
			buildSettings = {
				ALWAYS_SEARCH_USER_PATHS = NO;
				CLANG_ANALYZER_NONNULL = YES;
				CLANG_ANALYZER_NUMBER_OBJECT_CONVERSION = YES_AGGRESSIVE;
				CLANG_CXX_LANGUAGE_STANDARD = "gnu++14";
				CLANG_CXX_LIBRARY = "libc++";
				CLANG_ENABLE_MODULES = YES;
				CLANG_ENABLE_OBJC_ARC = YES;
				CLANG_ENABLE_OBJC_WEAK = YES;
				CLANG_WARN_BLOCK_CAPTURE_AUTORELEASING = YES;
				CLANG_WARN_BOOL_CONVERSION = YES;
				CLANG_WARN_COMMA = YES;
				CLANG_WARN_CONSTANT_CONVERSION = YES;
				CLANG_WARN_DEPRECATED_OBJC_IMPLEMENTATIONS = YES;
				CLANG_WARN_DIRECT_OBJC_ISA_USAGE = YES_ERROR;
				CLANG_WARN_DOCUMENTATION_COMMENTS = YES;
				CLANG_WARN_EMPTY_BODY = YES;
				CLANG_WARN_ENUM_CONVERSION = YES;
				CLANG_WARN_INFINITE_RECURSION = YES;
				CLANG_WARN_INT_CONVERSION = YES;
				CLANG_WARN_NON_LITERAL_NULL_CONVERSION = YES;
				CLANG_WARN_OBJC_IMPLICIT_RETAIN_SELF = YES;
				CLANG_WARN_OBJC_LITERAL_CONVERSION = YES;
				CLANG_WARN_OBJC_ROOT_CLASS = YES_ERROR;
				CLANG_WARN_QUOTED_INCLUDE_IN_FRAMEWORK_HEADER = YES;
				CLANG_WARN_RANGE_LOOP_ANALYSIS = YES;
				CLANG_WARN_STRICT_PROTOTYPES = YES;
				CLANG_WARN_SUSPICIOUS_MOVE = YES;
				CLANG_WARN_UNGUARDED_AVAILABILITY = YES_AGGRESSIVE;
				CLANG_WARN_UNREACHABLE_CODE = YES;
				CLANG_WARN__DUPLICATE_METHOD_MATCH = YES;
				COPY_PHASE_STRIP = NO;
				DEBUG_INFORMATION_FORMAT = dwarf;
				ENABLE_STRICT_OBJC_MSGSEND = YES;
				ENABLE_TESTABILITY = YES;
				GCC_C_LANGUAGE_STANDARD = gnu11;
				GCC_DYNAMIC_NO_PIC = NO;
				GCC_NO_COMMON_BLOCKS = YES;
				GCC_OPTIMIZATION_LEVEL = 0;
				GCC_PREPROCESSOR_DEFINITIONS = (
					"DEBUG=1",
					"$(inherited)",
				);
				GCC_WARN_64_TO_32_BIT_CONVERSION = YES;
				GCC_WARN_ABOUT_RETURN_TYPE = YES_ERROR;
				GCC_WARN_UNDECLARED_SELECTOR = YES;
				GCC_WARN_UNINITIALIZED_AUTOS = YES_AGGRESSIVE;
				GCC_WARN_UNUSED_FUNCTION = YES;
				GCC_WARN_UNUSED_VARIABLE = YES;
				MACOSX_DEPLOYMENT_TARGET = 10.15;
				MTL_ENABLE_DEBUG_INFO = INCLUDE_SOURCE;
				MTL_FAST_MATH = YES;
				ONLY_ACTIVE_ARCH = YES;
				SDKROOT = macosx;
				SWIFT_ACTIVE_COMPILATION_CONDITIONS = DEBUG;
				SWIFT_OPTIMIZATION_LEVEL = "-Onone";
			};
			name = Debug;
		};
		CF85D9F0250905810099EABF /* Release */ = {
			isa = XCBuildConfiguration;
			buildSettings = {
				ALWAYS_SEARCH_USER_PATHS = NO;
				CLANG_ANALYZER_NONNULL = YES;
				CLANG_ANALYZER_NUMBER_OBJECT_CONVERSION = YES_AGGRESSIVE;
				CLANG_CXX_LANGUAGE_STANDARD = "gnu++14";
				CLANG_CXX_LIBRARY = "libc++";
				CLANG_ENABLE_MODULES = YES;
				CLANG_ENABLE_OBJC_ARC = YES;
				CLANG_ENABLE_OBJC_WEAK = YES;
				CLANG_WARN_BLOCK_CAPTURE_AUTORELEASING = YES;
				CLANG_WARN_BOOL_CONVERSION = YES;
				CLANG_WARN_COMMA = YES;
				CLANG_WARN_CONSTANT_CONVERSION = YES;
				CLANG_WARN_DEPRECATED_OBJC_IMPLEMENTATIONS = YES;
				CLANG_WARN_DIRECT_OBJC_ISA_USAGE = YES_ERROR;
				CLANG_WARN_DOCUMENTATION_COMMENTS = YES;
				CLANG_WARN_EMPTY_BODY = YES;
				CLANG_WARN_ENUM_CONVERSION = YES;
				CLANG_WARN_INFINITE_RECURSION = YES;
				CLANG_WARN_INT_CONVERSION = YES;
				CLANG_WARN_NON_LITERAL_NULL_CONVERSION = YES;
				CLANG_WARN_OBJC_IMPLICIT_RETAIN_SELF = YES;
				CLANG_WARN_OBJC_LITERAL_CONVERSION = YES;
				CLANG_WARN_OBJC_ROOT_CLASS = YES_ERROR;
				CLANG_WARN_QUOTED_INCLUDE_IN_FRAMEWORK_HEADER = YES;
				CLANG_WARN_RANGE_LOOP_ANALYSIS = YES;
				CLANG_WARN_STRICT_PROTOTYPES = YES;
				CLANG_WARN_SUSPICIOUS_MOVE = YES;
				CLANG_WARN_UNGUARDED_AVAILABILITY = YES_AGGRESSIVE;
				CLANG_WARN_UNREACHABLE_CODE = YES;
				CLANG_WARN__DUPLICATE_METHOD_MATCH = YES;
				COPY_PHASE_STRIP = NO;
				DEBUG_INFORMATION_FORMAT = "dwarf-with-dsym";
				ENABLE_NS_ASSERTIONS = NO;
				ENABLE_STRICT_OBJC_MSGSEND = YES;
				GCC_C_LANGUAGE_STANDARD = gnu11;
				GCC_NO_COMMON_BLOCKS = YES;
				GCC_WARN_64_TO_32_BIT_CONVERSION = YES;
				GCC_WARN_ABOUT_RETURN_TYPE = YES_ERROR;
				GCC_WARN_UNDECLARED_SELECTOR = YES;
				GCC_WARN_UNINITIALIZED_AUTOS = YES_AGGRESSIVE;
				GCC_WARN_UNUSED_FUNCTION = YES;
				GCC_WARN_UNUSED_VARIABLE = YES;
				MACOSX_DEPLOYMENT_TARGET = 10.15;
				MTL_ENABLE_DEBUG_INFO = NO;
				MTL_FAST_MATH = YES;
				SDKROOT = macosx;
				SWIFT_COMPILATION_MODE = wholemodule;
				SWIFT_OPTIMIZATION_LEVEL = "-O";
			};
			name = Release;
		};
		CF85D9F2250905810099EABF /* Debug */ = {
			isa = XCBuildConfiguration;
			buildSettings = {
				CODE_SIGN_IDENTITY = "-";
				CODE_SIGN_STYLE = Automatic;
				PRODUCT_NAME = "$(TARGET_NAME)";
				SWIFT_VERSION = 5.0;
			};
			name = Debug;
		};
		CF85D9F3250905810099EABF /* Release */ = {
			isa = XCBuildConfiguration;
			buildSettings = {
				CODE_SIGN_IDENTITY = "-";
				CODE_SIGN_STYLE = Automatic;
				PRODUCT_NAME = "$(TARGET_NAME)";
				SWIFT_VERSION = 5.0;
			};
			name = Release;
		};
		CF85DA1C25090C210099EABF /* Debug */ = {
			isa = XCBuildConfiguration;
			buildSettings = {
				CODE_SIGN_STYLE = Automatic;
				COMBINE_HIDPI_IMAGES = YES;
				INFOPLIST_FILE = Tests/Info.plist;
				LD_RUNPATH_SEARCH_PATHS = (
					"$(inherited)",
					"@executable_path/../Frameworks",
					"@loader_path/../Frameworks",
				);
				PRODUCT_BUNDLE_IDENTIFIER = VTB.AlgosTests;
				PRODUCT_NAME = "$(TARGET_NAME)";
				SWIFT_VERSION = 5.0;
			};
			name = Debug;
		};
		CF85DA1D25090C210099EABF /* Release */ = {
			isa = XCBuildConfiguration;
			buildSettings = {
				CODE_SIGN_STYLE = Automatic;
				COMBINE_HIDPI_IMAGES = YES;
				INFOPLIST_FILE = Tests/Info.plist;
				LD_RUNPATH_SEARCH_PATHS = (
					"$(inherited)",
					"@executable_path/../Frameworks",
					"@loader_path/../Frameworks",
				);
				PRODUCT_BUNDLE_IDENTIFIER = VTB.AlgosTests;
				PRODUCT_NAME = "$(TARGET_NAME)";
				SWIFT_VERSION = 5.0;
			};
			name = Release;
		};
		CF85DA2925090CB30099EABF /* Debug */ = {
			isa = XCBuildConfiguration;
			buildSettings = {
				CODE_SIGN_STYLE = Automatic;
				EXECUTABLE_PREFIX = lib;
				OTHER_SWIFT_FLAGS = "-Xfrontend -warn-long-expression-type-checking=200 -Xfrontend -warn-long-function-bodies=200";
				PRODUCT_NAME = "$(TARGET_NAME)";
				SKIP_INSTALL = YES;
				SWIFT_VERSION = 5.0;
			};
			name = Debug;
		};
		CF85DA2A25090CB30099EABF /* Release */ = {
			isa = XCBuildConfiguration;
			buildSettings = {
				CODE_SIGN_STYLE = Automatic;
				EXECUTABLE_PREFIX = lib;
				OTHER_SWIFT_FLAGS = "-Xfrontend -warn-long-expression-type-checking=200 -Xfrontend -warn-long-function-bodies=200";
				PRODUCT_NAME = "$(TARGET_NAME)";
				SKIP_INSTALL = YES;
				SWIFT_VERSION = 5.0;
			};
			name = Release;
		};
/* End XCBuildConfiguration section */

/* Begin XCConfigurationList section */
		CF85D9E5250905810099EABF /* Build configuration list for PBXProject "SwiftAlgos" */ = {
			isa = XCConfigurationList;
			buildConfigurations = (
				CF85D9EF250905810099EABF /* Debug */,
				CF85D9F0250905810099EABF /* Release */,
			);
			defaultConfigurationIsVisible = 0;
			defaultConfigurationName = Release;
		};
		CF85D9F1250905810099EABF /* Build configuration list for PBXNativeTarget "SwiftAlgosSandbox" */ = {
			isa = XCConfigurationList;
			buildConfigurations = (
				CF85D9F2250905810099EABF /* Debug */,
				CF85D9F3250905810099EABF /* Release */,
			);
			defaultConfigurationIsVisible = 0;
			defaultConfigurationName = Release;
		};
		CF85DA1B25090C210099EABF /* Build configuration list for PBXNativeTarget "SwiftAlgosTests" */ = {
			isa = XCConfigurationList;
			buildConfigurations = (
				CF85DA1C25090C210099EABF /* Debug */,
				CF85DA1D25090C210099EABF /* Release */,
			);
			defaultConfigurationIsVisible = 0;
			defaultConfigurationName = Release;
		};
		CF85DA2825090CB30099EABF /* Build configuration list for PBXNativeTarget "SwiftAlgosLib" */ = {
			isa = XCConfigurationList;
			buildConfigurations = (
				CF85DA2925090CB30099EABF /* Debug */,
				CF85DA2A25090CB30099EABF /* Release */,
			);
			defaultConfigurationIsVisible = 0;
			defaultConfigurationName = Release;
		};
/* End XCConfigurationList section */
	};
	rootObject = CF85D9E2250905810099EABF /* Project object */;
}
