// !$*UTF8*$!
{
	archiveVersion = 1;
	classes = {
	};
	objectVersion = 50;
	objects = {

/* Begin PBXBuildFile section */
		7C00B422253D8A2000A25748 /* ListQueue.swift in Sources */ = {isa = PBXBuildFile; fileRef = 7C00B421253D8A2000A25748 /* ListQueue.swift */; };
		7C00B427253D8E9D00A25748 /* QueueTests.swift in Sources */ = {isa = PBXBuildFile; fileRef = 7C00B426253D8E9D00A25748 /* QueueTests.swift */; };
		7C00B42C253D8FAD00A25748 /* RingBufferQueue.swift in Sources */ = {isa = PBXBuildFile; fileRef = 7C00B42B253D8FAD00A25748 /* RingBufferQueue.swift */; };
		7C3AD6C3252866B700CA7FB7 /* RingBufferTests.swift in Sources */ = {isa = PBXBuildFile; fileRef = 7C3AD6C2252866B700CA7FB7 /* RingBufferTests.swift */; };
		7C52E38C25419D99000746FA /* BinaryHeap.swift in Sources */ = {isa = PBXBuildFile; fileRef = 7C52E38B25419D99000746FA /* BinaryHeap.swift */; };
		7C52E39125419DC4000746FA /* PriorityQueue.swift in Sources */ = {isa = PBXBuildFile; fileRef = 7C52E39025419DC4000746FA /* PriorityQueue.swift */; };
		7C52E3A12542D757000746FA /* BinaryHeapTests.swift in Sources */ = {isa = PBXBuildFile; fileRef = 7C52E3A02542D757000746FA /* BinaryHeapTests.swift */; };
		7C75E89925A2E2F0007873F1 /* BinaryTreeNode.swift in Sources */ = {isa = PBXBuildFile; fileRef = 7C75E89825A2E2F0007873F1 /* BinaryTreeNode.swift */; };
		7C75E89E25A2E474007873F1 /* BinaryTreeInfo.swift in Sources */ = {isa = PBXBuildFile; fileRef = 7C75E89D25A2E474007873F1 /* BinaryTreeInfo.swift */; };
		CF3F9D1C252CEB8600B82E60 /* CollectionExTests.swift in Sources */ = {isa = PBXBuildFile; fileRef = CF3F9D1B252CEB8600B82E60 /* CollectionExTests.swift */; };
		CF57568525A4820B006C0DBB /* BinaryTreeRotation.swift in Sources */ = {isa = PBXBuildFile; fileRef = CF57568425A4820B006C0DBB /* BinaryTreeRotation.swift */; };
		CF78566F25530805003321B5 /* Clusterizator.swift in Sources */ = {isa = PBXBuildFile; fileRef = CF78566B2552F043003321B5 /* Clusterizator.swift */; };
		CF78567025530808003321B5 /* DisjointSet.swift in Sources */ = {isa = PBXBuildFile; fileRef = CF78566D2552F146003321B5 /* DisjointSet.swift */; };
		CF83EB5F25115FAC000AEFB1 /* ListAlgosTests.swift in Sources */ = {isa = PBXBuildFile; fileRef = CF83EB5C25115B72000AEFB1 /* ListAlgosTests.swift */; };
		CF83EB6025115FB0000AEFB1 /* ListAlgos.swift in Sources */ = {isa = PBXBuildFile; fileRef = CF8E2EE725111F1900419D36 /* ListAlgos.swift */; };
		CF85D9EE250905810099EABF /* main.swift in Sources */ = {isa = PBXBuildFile; fileRef = CF85D9ED250905810099EABF /* main.swift */; };
		CF85DA1925090C210099EABF /* StackTests.swift in Sources */ = {isa = PBXBuildFile; fileRef = CF85DA1825090C210099EABF /* StackTests.swift */; };
		CF85DA2B25090CC60099EABF /* Stack.swift in Sources */ = {isa = PBXBuildFile; fileRef = CF85D9F42509059C0099EABF /* Stack.swift */; };
		CF85DA2D25090D980099EABF /* libSwiftAlgosLib.a in Frameworks */ = {isa = PBXBuildFile; fileRef = CF85DA2225090CB30099EABF /* libSwiftAlgosLib.a */; };
		CF85DA2E25090EF70099EABF /* libSwiftAlgosLib.a in Frameworks */ = {isa = PBXBuildFile; fileRef = CF85DA2225090CB30099EABF /* libSwiftAlgosLib.a */; };
		CF876237250D0A7D00F4FAB0 /* ListNode.swift in Sources */ = {isa = PBXBuildFile; fileRef = CF876236250D0A7D00F4FAB0 /* ListNode.swift */; };
		CF876239250D0D0F00F4FAB0 /* List.swift in Sources */ = {isa = PBXBuildFile; fileRef = CF876238250D0D0F00F4FAB0 /* List.swift */; };
		CF87623B250E258B00F4FAB0 /* ListTests.swift in Sources */ = {isa = PBXBuildFile; fileRef = CF87623A250E258B00F4FAB0 /* ListTests.swift */; };
		CF92106B252CE38D00B47F8D /* CollectionEx.swift in Sources */ = {isa = PBXBuildFile; fileRef = CF92106A252CE38D00B47F8D /* CollectionEx.swift */; };
		CF92106C252CE38D00B47F8D /* CollectionEx.swift in Sources */ = {isa = PBXBuildFile; fileRef = CF92106A252CE38D00B47F8D /* CollectionEx.swift */; };
		CF9376B22527B3540021CCBB /* Queue.swift in Sources */ = {isa = PBXBuildFile; fileRef = CF9376B12527B3540021CCBB /* Queue.swift */; };
		CF9376B62527B7590021CCBB /* Deque.swift in Sources */ = {isa = PBXBuildFile; fileRef = CF9376B52527B7590021CCBB /* Deque.swift */; };
		CF9376B82527BF040021CCBB /* RingBuffer.swift in Sources */ = {isa = PBXBuildFile; fileRef = CF9376B72527BF040021CCBB /* RingBuffer.swift */; };
		CFB3138925C6FE85001E5268 /* PointerEx.swift in Sources */ = {isa = PBXBuildFile; fileRef = CFB3138825C6FE85001E5268 /* PointerEx.swift */; };
		CFB3138E25C7035C001E5268 /* PointerExTests.swift in Sources */ = {isa = PBXBuildFile; fileRef = CFB3138D25C7035C001E5268 /* PointerExTests.swift */; };
		CFB3139925C7108C001E5268 /* BitPtrTests.swift in Sources */ = {isa = PBXBuildFile; fileRef = CFB3139825C7108C001E5268 /* BitPtrTests.swift */; };
		CFB99B4D25A5CEBD002E0190 /* BitPtr.swift in Sources */ = {isa = PBXBuildFile; fileRef = CFB99B4C25A5CEBD002E0190 /* BitPtr.swift */; };
		CFE49EEC2556B668002A3774 /* DisjointSetTest.swift in Sources */ = {isa = PBXBuildFile; fileRef = CFE49EEB2556B668002A3774 /* DisjointSetTest.swift */; };
/* End PBXBuildFile section */

/* Begin PBXCopyFilesBuildPhase section */
		CF85D9E8250905810099EABF /* CopyFiles */ = {
			isa = PBXCopyFilesBuildPhase;
			buildActionMask = 2147483647;
			dstPath = /usr/share/man/man1/;
			dstSubfolderSpec = 0;
			files = (
			);
			runOnlyForDeploymentPostprocessing = 1;
		};
/* End PBXCopyFilesBuildPhase section */

/* Begin PBXFileReference section */
		7C00B421253D8A2000A25748 /* ListQueue.swift */ = {isa = PBXFileReference; lastKnownFileType = sourcecode.swift; path = ListQueue.swift; sourceTree = "<group>"; };
		7C00B426253D8E9D00A25748 /* QueueTests.swift */ = {isa = PBXFileReference; lastKnownFileType = sourcecode.swift; path = QueueTests.swift; sourceTree = "<group>"; };
		7C00B42B253D8FAD00A25748 /* RingBufferQueue.swift */ = {isa = PBXFileReference; lastKnownFileType = sourcecode.swift; path = RingBufferQueue.swift; sourceTree = "<group>"; };
		7C3AD6C2252866B700CA7FB7 /* RingBufferTests.swift */ = {isa = PBXFileReference; lastKnownFileType = sourcecode.swift; path = RingBufferTests.swift; sourceTree = "<group>"; };
		7C52E38B25419D99000746FA /* BinaryHeap.swift */ = {isa = PBXFileReference; lastKnownFileType = sourcecode.swift; path = BinaryHeap.swift; sourceTree = "<group>"; };
		7C52E39025419DC4000746FA /* PriorityQueue.swift */ = {isa = PBXFileReference; lastKnownFileType = sourcecode.swift; path = PriorityQueue.swift; sourceTree = "<group>"; };
		7C52E3A02542D757000746FA /* BinaryHeapTests.swift */ = {isa = PBXFileReference; lastKnownFileType = sourcecode.swift; path = BinaryHeapTests.swift; sourceTree = "<group>"; };
		7C75E89825A2E2F0007873F1 /* BinaryTreeNode.swift */ = {isa = PBXFileReference; lastKnownFileType = sourcecode.swift; path = BinaryTreeNode.swift; sourceTree = "<group>"; };
		7C75E89D25A2E474007873F1 /* BinaryTreeInfo.swift */ = {isa = PBXFileReference; lastKnownFileType = sourcecode.swift; path = BinaryTreeInfo.swift; sourceTree = "<group>"; };
		CF3F9D1B252CEB8600B82E60 /* CollectionExTests.swift */ = {isa = PBXFileReference; lastKnownFileType = sourcecode.swift; path = CollectionExTests.swift; sourceTree = "<group>"; };
		CF57568425A4820B006C0DBB /* BinaryTreeRotation.swift */ = {isa = PBXFileReference; lastKnownFileType = sourcecode.swift; path = BinaryTreeRotation.swift; sourceTree = "<group>"; };
		CF78566B2552F043003321B5 /* Clusterizator.swift */ = {isa = PBXFileReference; lastKnownFileType = sourcecode.swift; path = Clusterizator.swift; sourceTree = "<group>"; };
		CF78566D2552F146003321B5 /* DisjointSet.swift */ = {isa = PBXFileReference; lastKnownFileType = sourcecode.swift; path = DisjointSet.swift; sourceTree = "<group>"; };
		CF83EB5C25115B72000AEFB1 /* ListAlgosTests.swift */ = {isa = PBXFileReference; lastKnownFileType = sourcecode.swift; path = ListAlgosTests.swift; sourceTree = "<group>"; };
		CF85D9EA250905810099EABF /* SwiftAlgosSandbox */ = {isa = PBXFileReference; explicitFileType = "compiled.mach-o.executable"; includeInIndex = 0; path = SwiftAlgosSandbox; sourceTree = BUILT_PRODUCTS_DIR; };
		CF85D9ED250905810099EABF /* main.swift */ = {isa = PBXFileReference; lastKnownFileType = sourcecode.swift; path = main.swift; sourceTree = "<group>"; };
		CF85D9F42509059C0099EABF /* Stack.swift */ = {isa = PBXFileReference; lastKnownFileType = sourcecode.swift; path = Stack.swift; sourceTree = "<group>"; };
		CF85DA1625090C210099EABF /* SwiftAlgosTests.xctest */ = {isa = PBXFileReference; explicitFileType = wrapper.cfbundle; includeInIndex = 0; path = SwiftAlgosTests.xctest; sourceTree = BUILT_PRODUCTS_DIR; };
		CF85DA1825090C210099EABF /* StackTests.swift */ = {isa = PBXFileReference; lastKnownFileType = sourcecode.swift; path = StackTests.swift; sourceTree = "<group>"; };
		CF85DA1A25090C210099EABF /* Info.plist */ = {isa = PBXFileReference; lastKnownFileType = text.plist.xml; path = Info.plist; sourceTree = "<group>"; };
		CF85DA2225090CB30099EABF /* libSwiftAlgosLib.a */ = {isa = PBXFileReference; explicitFileType = archive.ar; includeInIndex = 0; path = libSwiftAlgosLib.a; sourceTree = BUILT_PRODUCTS_DIR; };
		CF876232250CF1F500F4FAB0 /* SwiftAlgosLib.xctestplan */ = {isa = PBXFileReference; lastKnownFileType = text; path = SwiftAlgosLib.xctestplan; sourceTree = "<group>"; };
		CF876236250D0A7D00F4FAB0 /* ListNode.swift */ = {isa = PBXFileReference; lastKnownFileType = sourcecode.swift; path = ListNode.swift; sourceTree = "<group>"; };
		CF876238250D0D0F00F4FAB0 /* List.swift */ = {isa = PBXFileReference; lastKnownFileType = sourcecode.swift; path = List.swift; sourceTree = "<group>"; };
		CF87623A250E258B00F4FAB0 /* ListTests.swift */ = {isa = PBXFileReference; lastKnownFileType = sourcecode.swift; path = ListTests.swift; sourceTree = "<group>"; };
		CF8E2EE725111F1900419D36 /* ListAlgos.swift */ = {isa = PBXFileReference; fileEncoding = 4; lastKnownFileType = sourcecode.swift; path = ListAlgos.swift; sourceTree = "<group>"; };
		CF92106A252CE38D00B47F8D /* CollectionEx.swift */ = {isa = PBXFileReference; lastKnownFileType = sourcecode.swift; path = CollectionEx.swift; sourceTree = "<group>"; };
		CF9376B12527B3540021CCBB /* Queue.swift */ = {isa = PBXFileReference; lastKnownFileType = sourcecode.swift; path = Queue.swift; sourceTree = "<group>"; };
		CF9376B52527B7590021CCBB /* Deque.swift */ = {isa = PBXFileReference; lastKnownFileType = sourcecode.swift; path = Deque.swift; sourceTree = "<group>"; };
		CF9376B72527BF040021CCBB /* RingBuffer.swift */ = {isa = PBXFileReference; lastKnownFileType = sourcecode.swift; path = RingBuffer.swift; sourceTree = "<group>"; };
		CFB3138825C6FE85001E5268 /* PointerEx.swift */ = {isa = PBXFileReference; lastKnownFileType = sourcecode.swift; path = PointerEx.swift; sourceTree = "<group>"; };
		CFB3138D25C7035C001E5268 /* PointerExTests.swift */ = {isa = PBXFileReference; lastKnownFileType = sourcecode.swift; path = PointerExTests.swift; sourceTree = "<group>"; };
		CFB3139825C7108C001E5268 /* BitPtrTests.swift */ = {isa = PBXFileReference; lastKnownFileType = sourcecode.swift; path = BitPtrTests.swift; sourceTree = "<group>"; };
		CFB99B4C25A5CEBD002E0190 /* BitPtr.swift */ = {isa = PBXFileReference; lastKnownFileType = sourcecode.swift; path = BitPtr.swift; sourceTree = "<group>"; };
		CFE49EEB2556B668002A3774 /* DisjointSetTest.swift */ = {isa = PBXFileReference; lastKnownFileType = sourcecode.swift; path = DisjointSetTest.swift; sourceTree = "<group>"; };
/* End PBXFileReference section */

/* Begin PBXFrameworksBuildPhase section */
		CF85D9E7250905810099EABF /* Frameworks */ = {
			isa = PBXFrameworksBuildPhase;
			buildActionMask = 2147483647;
			files = (
				CF85DA2E25090EF70099EABF /* libSwiftAlgosLib.a in Frameworks */,
			);
			runOnlyForDeploymentPostprocessing = 0;
		};
		CF85DA1325090C210099EABF /* Frameworks */ = {
			isa = PBXFrameworksBuildPhase;
			buildActionMask = 2147483647;
			files = (
				CF85DA2D25090D980099EABF /* libSwiftAlgosLib.a in Frameworks */,
			);
			runOnlyForDeploymentPostprocessing = 0;
		};
		CF85DA2025090CB30099EABF /* Frameworks */ = {
			isa = PBXFrameworksBuildPhase;
			buildActionMask = 2147483647;
			files = (
			);
			runOnlyForDeploymentPostprocessing = 0;
		};
/* End PBXFrameworksBuildPhase section */

/* Begin PBXGroup section */
		CF85D9E1250905810099EABF = {
			isa = PBXGroup;
			children = (
				CF85D9EC250905810099EABF /* Sandbox */,
				CF85DA2325090CB30099EABF /* Lib */,
				CF85DA1725090C210099EABF /* Tests */,
				CF85D9EB250905810099EABF /* Products */,
				CF85DA2C25090D980099EABF /* Frameworks */,
			);
			sourceTree = "<group>";
		};
		CF85D9EB250905810099EABF /* Products */ = {
			isa = PBXGroup;
			children = (
				CF85D9EA250905810099EABF /* SwiftAlgosSandbox */,
				CF85DA1625090C210099EABF /* SwiftAlgosTests.xctest */,
				CF85DA2225090CB30099EABF /* libSwiftAlgosLib.a */,
			);
			name = Products;
			sourceTree = "<group>";
		};
		CF85D9EC250905810099EABF /* Sandbox */ = {
			isa = PBXGroup;
			children = (
				CF85D9ED250905810099EABF /* main.swift */,
			);
			path = Sandbox;
			sourceTree = "<group>";
		};
		CF85DA1725090C210099EABF /* Tests */ = {
			isa = PBXGroup;
			children = (
				CF85DA1A25090C210099EABF /* Info.plist */,
				CF876232250CF1F500F4FAB0 /* SwiftAlgosLib.xctestplan */,
				CF85DA1825090C210099EABF /* StackTests.swift */,
				CF87623A250E258B00F4FAB0 /* ListTests.swift */,
				CF83EB5C25115B72000AEFB1 /* ListAlgosTests.swift */,
				CF3F9D1B252CEB8600B82E60 /* CollectionExTests.swift */,
				7C3AD6C2252866B700CA7FB7 /* RingBufferTests.swift */,
				7C00B426253D8E9D00A25748 /* QueueTests.swift */,
				7C52E3A02542D757000746FA /* BinaryHeapTests.swift */,
				CFE49EEB2556B668002A3774 /* DisjointSetTest.swift */,
				CFB3138D25C7035C001E5268 /* PointerExTests.swift */,
				CFB3139825C7108C001E5268 /* BitPtrTests.swift */,
			);
			path = Tests;
			sourceTree = "<group>";
		};
		CF85DA2325090CB30099EABF /* Lib */ = {
			isa = PBXGroup;
			children = (
				CF85D9F42509059C0099EABF /* Stack.swift */,
				CF876236250D0A7D00F4FAB0 /* ListNode.swift */,
				CF876238250D0D0F00F4FAB0 /* List.swift */,
				CF8E2EE725111F1900419D36 /* ListAlgos.swift */,
				CF9376B12527B3540021CCBB /* Queue.swift */,
				7C00B421253D8A2000A25748 /* ListQueue.swift */,
				CF9376B52527B7590021CCBB /* Deque.swift */,
				CF92106A252CE38D00B47F8D /* CollectionEx.swift */,
				CFB3138825C6FE85001E5268 /* PointerEx.swift */,
				CF9376B72527BF040021CCBB /* RingBuffer.swift */,
				7C00B42B253D8FAD00A25748 /* RingBufferQueue.swift */,
				7C52E38B25419D99000746FA /* BinaryHeap.swift */,
				7C52E39025419DC4000746FA /* PriorityQueue.swift */,
				CF78566B2552F043003321B5 /* Clusterizator.swift */,
				CF78566D2552F146003321B5 /* DisjointSet.swift */,
				7C75E89825A2E2F0007873F1 /* BinaryTreeNode.swift */,
				CFB99B4C25A5CEBD002E0190 /* BitPtr.swift */,
				7C75E89D25A2E474007873F1 /* BinaryTreeInfo.swift */,
				CF57568425A4820B006C0DBB /* BinaryTreeRotation.swift */,
			);
			path = Lib;
			sourceTree = "<group>";
		};
		CF85DA2C25090D980099EABF /* Frameworks */ = {
			isa = PBXGroup;
			children = (
			);
			name = Frameworks;
			sourceTree = "<group>";
		};
/* End PBXGroup section */

/* Begin PBXHeadersBuildPhase section */
		CF85DA1E25090CB30099EABF /* Headers */ = {
			isa = PBXHeadersBuildPhase;
			buildActionMask = 2147483647;
			files = (
			);
			runOnlyForDeploymentPostprocessing = 0;
		};
/* End PBXHeadersBuildPhase section */

/* Begin PBXNativeTarget section */
		CF85D9E9250905810099EABF /* SwiftAlgosSandbox */ = {
			isa = PBXNativeTarget;
			buildConfigurationList = CF85D9F1250905810099EABF /* Build configuration list for PBXNativeTarget "SwiftAlgosSandbox" */;
			buildPhases = (
				CF85D9E6250905810099EABF /* Sources */,
				CF85D9E7250905810099EABF /* Frameworks */,
				CF85D9E8250905810099EABF /* CopyFiles */,
			);
			buildRules = (
			);
			dependencies = (
			);
			name = SwiftAlgosSandbox;
			productName = Algos;
			productReference = CF85D9EA250905810099EABF /* SwiftAlgosSandbox */;
			productType = "com.apple.product-type.tool";
		};
		CF85DA1525090C210099EABF /* SwiftAlgosTests */ = {
			isa = PBXNativeTarget;
			buildConfigurationList = CF85DA1B25090C210099EABF /* Build configuration list for PBXNativeTarget "SwiftAlgosTests" */;
			buildPhases = (
				CF85DA1225090C210099EABF /* Sources */,
				CF85DA1325090C210099EABF /* Frameworks */,
				CF85DA1425090C210099EABF /* Resources */,
			);
			buildRules = (
			);
			dependencies = (
			);
			name = SwiftAlgosTests;
			productName = AlgosTests;
			productReference = CF85DA1625090C210099EABF /* SwiftAlgosTests.xctest */;
			productType = "com.apple.product-type.bundle.unit-test";
		};
		CF85DA2125090CB30099EABF /* SwiftAlgosLib */ = {
			isa = PBXNativeTarget;
			buildConfigurationList = CF85DA2825090CB30099EABF /* Build configuration list for PBXNativeTarget "SwiftAlgosLib" */;
			buildPhases = (
				CF85DA1E25090CB30099EABF /* Headers */,
				CF85DA1F25090CB30099EABF /* Sources */,
				CF85DA2025090CB30099EABF /* Frameworks */,
			);
			buildRules = (
			);
			dependencies = (
			);
			name = SwiftAlgosLib;
			productName = AlgosLib;
			productReference = CF85DA2225090CB30099EABF /* libSwiftAlgosLib.a */;
			productType = "com.apple.product-type.library.static";
		};
/* End PBXNativeTarget section */

/* Begin PBXProject section */
		CF85D9E2250905810099EABF /* Project object */ = {
			isa = PBXProject;
			attributes = {
				LastSwiftUpdateCheck = 1170;
				LastUpgradeCheck = 1200;
				ORGANIZATIONNAME = "Oleg Bakharev";
				TargetAttributes = {
					CF85D9E9250905810099EABF = {
						CreatedOnToolsVersion = 11.7;
					};
					CF85DA1525090C210099EABF = {
						CreatedOnToolsVersion = 11.7;
					};
					CF85DA2125090CB30099EABF = {
						CreatedOnToolsVersion = 11.7;
					};
				};
			};
			buildConfigurationList = CF85D9E5250905810099EABF /* Build configuration list for PBXProject "SwiftAlgos" */;
			compatibilityVersion = "Xcode 9.3";
			developmentRegion = en;
			hasScannedForEncodings = 0;
			knownRegions = (
				en,
				Base,
			);
			mainGroup = CF85D9E1250905810099EABF;
			productRefGroup = CF85D9EB250905810099EABF /* Products */;
			projectDirPath = "";
			projectRoot = "";
			targets = (
				CF85D9E9250905810099EABF /* SwiftAlgosSandbox */,
				CF85DA1525090C210099EABF /* SwiftAlgosTests */,
				CF85DA2125090CB30099EABF /* SwiftAlgosLib */,
			);
		};
/* End PBXProject section */

/* Begin PBXResourcesBuildPhase section */
		CF85DA1425090C210099EABF /* Resources */ = {
			isa = PBXResourcesBuildPhase;
			buildActionMask = 2147483647;
			files = (
			);
			runOnlyForDeploymentPostprocessing = 0;
		};
/* End PBXResourcesBuildPhase section */

/* Begin PBXSourcesBuildPhase section */
		CF85D9E6250905810099EABF /* Sources */ = {
			isa = PBXSourcesBuildPhase;
			buildActionMask = 2147483647;
			files = (
				CF85D9EE250905810099EABF /* main.swift in Sources */,
				CF92106B252CE38D00B47F8D /* CollectionEx.swift in Sources */,
			);
			runOnlyForDeploymentPostprocessing = 0;
		};
		CF85DA1225090C210099EABF /* Sources */ = {
			isa = PBXSourcesBuildPhase;
			buildActionMask = 2147483647;
			files = (
				CFE49EEC2556B668002A3774 /* DisjointSetTest.swift in Sources */,
				CF85DA1925090C210099EABF /* StackTests.swift in Sources */,
				7C00B427253D8E9D00A25748 /* QueueTests.swift in Sources */,
				CF83EB5F25115FAC000AEFB1 /* ListAlgosTests.swift in Sources */,
				CF87623B250E258B00F4FAB0 /* ListTests.swift in Sources */,
				7C52E3A12542D757000746FA /* BinaryHeapTests.swift in Sources */,
				CFB3139925C7108C001E5268 /* BitPtrTests.swift in Sources */,
				CF3F9D1C252CEB8600B82E60 /* CollectionExTests.swift in Sources */,
				CFB3138E25C7035C001E5268 /* PointerExTests.swift in Sources */,
				7C3AD6C3252866B700CA7FB7 /* RingBufferTests.swift in Sources */,
			);
			runOnlyForDeploymentPostprocessing = 0;
		};
		CF85DA1F25090CB30099EABF /* Sources */ = {
			isa = PBXSourcesBuildPhase;
			buildActionMask = 2147483647;
			files = (
				7C75E89E25A2E474007873F1 /* BinaryTreeInfo.swift in Sources */,
				CF78566F25530805003321B5 /* Clusterizator.swift in Sources */,
				CFB99B4D25A5CEBD002E0190 /* BitPtr.swift in Sources */,
				CF9376B22527B3540021CCBB /* Queue.swift in Sources */,
				CF9376B62527B7590021CCBB /* Deque.swift in Sources */,
				7C52E38C25419D99000746FA /* BinaryHeap.swift in Sources */,
				CF83EB6025115FB0000AEFB1 /* ListAlgos.swift in Sources */,
				CF85DA2B25090CC60099EABF /* Stack.swift in Sources */,
				CF78567025530808003321B5 /* DisjointSet.swift in Sources */,
				CFB3138925C6FE85001E5268 /* PointerEx.swift in Sources */,
				7C52E39125419DC4000746FA /* PriorityQueue.swift in Sources */,
				7C75E89925A2E2F0007873F1 /* BinaryTreeNode.swift in Sources */,
				CF9376B82527BF040021CCBB /* RingBuffer.swift in Sources */,
				CF57568525A4820B006C0DBB /* BinaryTreeRotation.swift in Sources */,
				CF92106C252CE38D00B47F8D /* CollectionEx.swift in Sources */,
				CF876237250D0A7D00F4FAB0 /* ListNode.swift in Sources */,
				7C00B42C253D8FAD00A25748 /* RingBufferQueue.swift in Sources */,
				CF876239250D0D0F00F4FAB0 /* List.swift in Sources */,
				7C00B422253D8A2000A25748 /* ListQueue.swift in Sources */,
			);
			runOnlyForDeploymentPostprocessing = 0;
		};
/* End PBXSourcesBuildPhase section */

/* Begin XCBuildConfiguration section */
		CF85D9EF250905810099EABF /* Debug */ = {
			isa = XCBuildConfiguration;
			buildSettings = {
				ALWAYS_SEARCH_USER_PATHS = NO;
				CLANG_ANALYZER_NONNULL = YES;
				CLANG_ANALYZER_NUMBER_OBJECT_CONVERSION = YES_AGGRESSIVE;
				CLANG_CXX_LANGUAGE_STANDARD = "gnu++14";
				CLANG_CXX_LIBRARY = "libc++";
				CLANG_ENABLE_MODULES = YES;
				CLANG_ENABLE_OBJC_ARC = YES;
				CLANG_ENABLE_OBJC_WEAK = YES;
				CLANG_WARN_BLOCK_CAPTURE_AUTORELEASING = YES;
				CLANG_WARN_BOOL_CONVERSION = YES;
				CLANG_WARN_COMMA = YES;
				CLANG_WARN_CONSTANT_CONVERSION = YES;
				CLANG_WARN_DEPRECATED_OBJC_IMPLEMENTATIONS = YES;
				CLANG_WARN_DIRECT_OBJC_ISA_USAGE = YES_ERROR;
				CLANG_WARN_DOCUMENTATION_COMMENTS = YES;
				CLANG_WARN_EMPTY_BODY = YES;
				CLANG_WARN_ENUM_CONVERSION = YES;
				CLANG_WARN_INFINITE_RECURSION = YES;
				CLANG_WARN_INT_CONVERSION = YES;
				CLANG_WARN_NON_LITERAL_NULL_CONVERSION = YES;
				CLANG_WARN_OBJC_IMPLICIT_RETAIN_SELF = YES;
				CLANG_WARN_OBJC_LITERAL_CONVERSION = YES;
				CLANG_WARN_OBJC_ROOT_CLASS = YES_ERROR;
				CLANG_WARN_QUOTED_INCLUDE_IN_FRAMEWORK_HEADER = YES;
				CLANG_WARN_RANGE_LOOP_ANALYSIS = YES;
				CLANG_WARN_STRICT_PROTOTYPES = YES;
				CLANG_WARN_SUSPICIOUS_MOVE = YES;
				CLANG_WARN_UNGUARDED_AVAILABILITY = YES_AGGRESSIVE;
				CLANG_WARN_UNREACHABLE_CODE = YES;
				CLANG_WARN__DUPLICATE_METHOD_MATCH = YES;
				COPY_PHASE_STRIP = NO;
				DEBUG_INFORMATION_FORMAT = dwarf;
				ENABLE_STRICT_OBJC_MSGSEND = YES;
				ENABLE_TESTABILITY = YES;
				GCC_C_LANGUAGE_STANDARD = gnu11;
				GCC_DYNAMIC_NO_PIC = NO;
				GCC_NO_COMMON_BLOCKS = YES;
				GCC_OPTIMIZATION_LEVEL = 0;
				GCC_PREPROCESSOR_DEFINITIONS = (
					"DEBUG=1",
					"$(inherited)",
				);
				GCC_WARN_64_TO_32_BIT_CONVERSION = YES;
				GCC_WARN_ABOUT_RETURN_TYPE = YES_ERROR;
				GCC_WARN_UNDECLARED_SELECTOR = YES;
				GCC_WARN_UNINITIALIZED_AUTOS = YES_AGGRESSIVE;
				GCC_WARN_UNUSED_FUNCTION = YES;
				GCC_WARN_UNUSED_VARIABLE = YES;
				MACOSX_DEPLOYMENT_TARGET = 10.15;
				MTL_ENABLE_DEBUG_INFO = INCLUDE_SOURCE;
				MTL_FAST_MATH = YES;
				ONLY_ACTIVE_ARCH = YES;
				SDKROOT = macosx;
				SWIFT_ACTIVE_COMPILATION_CONDITIONS = DEBUG;
				SWIFT_OPTIMIZATION_LEVEL = "-Onone";
			};
			name = Debug;
		};
		CF85D9F0250905810099EABF /* Release */ = {
			isa = XCBuildConfiguration;
			buildSettings = {
				ALWAYS_SEARCH_USER_PATHS = NO;
				CLANG_ANALYZER_NONNULL = YES;
				CLANG_ANALYZER_NUMBER_OBJECT_CONVERSION = YES_AGGRESSIVE;
				CLANG_CXX_LANGUAGE_STANDARD = "gnu++14";
				CLANG_CXX_LIBRARY = "libc++";
				CLANG_ENABLE_MODULES = YES;
				CLANG_ENABLE_OBJC_ARC = YES;
				CLANG_ENABLE_OBJC_WEAK = YES;
				CLANG_WARN_BLOCK_CAPTURE_AUTORELEASING = YES;
				CLANG_WARN_BOOL_CONVERSION = YES;
				CLANG_WARN_COMMA = YES;
				CLANG_WARN_CONSTANT_CONVERSION = YES;
				CLANG_WARN_DEPRECATED_OBJC_IMPLEMENTATIONS = YES;
				CLANG_WARN_DIRECT_OBJC_ISA_USAGE = YES_ERROR;
				CLANG_WARN_DOCUMENTATION_COMMENTS = YES;
				CLANG_WARN_EMPTY_BODY = YES;
				CLANG_WARN_ENUM_CONVERSION = YES;
				CLANG_WARN_INFINITE_RECURSION = YES;
				CLANG_WARN_INT_CONVERSION = YES;
				CLANG_WARN_NON_LITERAL_NULL_CONVERSION = YES;
				CLANG_WARN_OBJC_IMPLICIT_RETAIN_SELF = YES;
				CLANG_WARN_OBJC_LITERAL_CONVERSION = YES;
				CLANG_WARN_OBJC_ROOT_CLASS = YES_ERROR;
				CLANG_WARN_QUOTED_INCLUDE_IN_FRAMEWORK_HEADER = YES;
				CLANG_WARN_RANGE_LOOP_ANALYSIS = YES;
				CLANG_WARN_STRICT_PROTOTYPES = YES;
				CLANG_WARN_SUSPICIOUS_MOVE = YES;
				CLANG_WARN_UNGUARDED_AVAILABILITY = YES_AGGRESSIVE;
				CLANG_WARN_UNREACHABLE_CODE = YES;
				CLANG_WARN__DUPLICATE_METHOD_MATCH = YES;
				COPY_PHASE_STRIP = NO;
				DEBUG_INFORMATION_FORMAT = "dwarf-with-dsym";
				ENABLE_NS_ASSERTIONS = NO;
				ENABLE_STRICT_OBJC_MSGSEND = YES;
				GCC_C_LANGUAGE_STANDARD = gnu11;
				GCC_NO_COMMON_BLOCKS = YES;
				GCC_WARN_64_TO_32_BIT_CONVERSION = YES;
				GCC_WARN_ABOUT_RETURN_TYPE = YES_ERROR;
				GCC_WARN_UNDECLARED_SELECTOR = YES;
				GCC_WARN_UNINITIALIZED_AUTOS = YES_AGGRESSIVE;
				GCC_WARN_UNUSED_FUNCTION = YES;
				GCC_WARN_UNUSED_VARIABLE = YES;
				MACOSX_DEPLOYMENT_TARGET = 10.15;
				MTL_ENABLE_DEBUG_INFO = NO;
				MTL_FAST_MATH = YES;
				SDKROOT = macosx;
				SWIFT_COMPILATION_MODE = wholemodule;
				SWIFT_OPTIMIZATION_LEVEL = "-O";
			};
			name = Release;
		};
		CF85D9F2250905810099EABF /* Debug */ = {
			isa = XCBuildConfiguration;
			buildSettings = {
				CODE_SIGN_IDENTITY = "-";
				CODE_SIGN_STYLE = Automatic;
				PRODUCT_NAME = "$(TARGET_NAME)";
				SWIFT_VERSION = 5.0;
			};
			name = Debug;
		};
		CF85D9F3250905810099EABF /* Release */ = {
			isa = XCBuildConfiguration;
			buildSettings = {
				CODE_SIGN_IDENTITY = "-";
				CODE_SIGN_STYLE = Automatic;
				PRODUCT_NAME = "$(TARGET_NAME)";
				SWIFT_VERSION = 5.0;
			};
			name = Release;
		};
		CF85DA1C25090C210099EABF /* Debug */ = {
			isa = XCBuildConfiguration;
			buildSettings = {
				CODE_SIGN_STYLE = Automatic;
				COMBINE_HIDPI_IMAGES = YES;
				INFOPLIST_FILE = Tests/Info.plist;
				LD_RUNPATH_SEARCH_PATHS = (
					"$(inherited)",
					"@executable_path/../Frameworks",
					"@loader_path/../Frameworks",
				);
				PRODUCT_BUNDLE_IDENTIFIER = VTB.AlgosTests;
				PRODUCT_NAME = "$(TARGET_NAME)";
				SWIFT_VERSION = 5.0;
			};
			name = Debug;
		};
		CF85DA1D25090C210099EABF /* Release */ = {
			isa = XCBuildConfiguration;
			buildSettings = {
				CODE_SIGN_STYLE = Automatic;
				COMBINE_HIDPI_IMAGES = YES;
				INFOPLIST_FILE = Tests/Info.plist;
				LD_RUNPATH_SEARCH_PATHS = (
					"$(inherited)",
					"@executable_path/../Frameworks",
					"@loader_path/../Frameworks",
				);
				PRODUCT_BUNDLE_IDENTIFIER = VTB.AlgosTests;
				PRODUCT_NAME = "$(TARGET_NAME)";
				SWIFT_VERSION = 5.0;
			};
			name = Release;
		};
		CF85DA2925090CB30099EABF /* Debug */ = {
			isa = XCBuildConfiguration;
			buildSettings = {
				CODE_SIGN_STYLE = Automatic;
				EXECUTABLE_PREFIX = lib;
				OTHER_SWIFT_FLAGS = "-Xfrontend -warn-long-expression-type-checking=200 -Xfrontend -warn-long-function-bodies=200";
				PRODUCT_NAME = "$(TARGET_NAME)";
				SKIP_INSTALL = YES;
				SWIFT_VERSION = 5.0;
			};
			name = Debug;
		};
		CF85DA2A25090CB30099EABF /* Release */ = {
			isa = XCBuildConfiguration;
			buildSettings = {
				CODE_SIGN_STYLE = Automatic;
				EXECUTABLE_PREFIX = lib;
				OTHER_SWIFT_FLAGS = "-Xfrontend -warn-long-expression-type-checking=200 -Xfrontend -warn-long-function-bodies=200";
				PRODUCT_NAME = "$(TARGET_NAME)";
				SKIP_INSTALL = YES;
				SWIFT_VERSION = 5.0;
			};
			name = Release;
		};
/* End XCBuildConfiguration section */

/* Begin XCConfigurationList section */
		CF85D9E5250905810099EABF /* Build configuration list for PBXProject "SwiftAlgos" */ = {
			isa = XCConfigurationList;
			buildConfigurations = (
				CF85D9EF250905810099EABF /* Debug */,
				CF85D9F0250905810099EABF /* Release */,
			);
			defaultConfigurationIsVisible = 0;
			defaultConfigurationName = Release;
		};
		CF85D9F1250905810099EABF /* Build configuration list for PBXNativeTarget "SwiftAlgosSandbox" */ = {
			isa = XCConfigurationList;
			buildConfigurations = (
				CF85D9F2250905810099EABF /* Debug */,
				CF85D9F3250905810099EABF /* Release */,
			);
			defaultConfigurationIsVisible = 0;
			defaultConfigurationName = Release;
		};
		CF85DA1B25090C210099EABF /* Build configuration list for PBXNativeTarget "SwiftAlgosTests" */ = {
			isa = XCConfigurationList;
			buildConfigurations = (
				CF85DA1C25090C210099EABF /* Debug */,
				CF85DA1D25090C210099EABF /* Release */,
			);
			defaultConfigurationIsVisible = 0;
			defaultConfigurationName = Release;
		};
		CF85DA2825090CB30099EABF /* Build configuration list for PBXNativeTarget "SwiftAlgosLib" */ = {
			isa = XCConfigurationList;
			buildConfigurations = (
				CF85DA2925090CB30099EABF /* Debug */,
				CF85DA2A25090CB30099EABF /* Release */,
			);
			defaultConfigurationIsVisible = 0;
			defaultConfigurationName = Release;
		};
/* End XCConfigurationList section */
	};
	rootObject = CF85D9E2250905810099EABF /* Project object */;
}
